// !$*UTF8*$!
{
	archiveVersion = 1;
	classes = {
	};
	objectVersion = 56;
	objects = {

/* Begin PBXBuildFile section */
		3506974C2B11D9570022E978 /* _SwiftUI_GraphQLApp.swift in Sources */ = {isa = PBXBuildFile; fileRef = 3506974B2B11D9570022E978 /* _SwiftUI_GraphQLApp.swift */; };
		3506974E2B11D9570022E978 /* ContentView.swift in Sources */ = {isa = PBXBuildFile; fileRef = 3506974D2B11D9570022E978 /* ContentView.swift */; };
		350697502B11D9590022E978 /* Assets.xcassets in Resources */ = {isa = PBXBuildFile; fileRef = 3506974F2B11D9590022E978 /* Assets.xcassets */; };
		350697532B11D9590022E978 /* Preview Assets.xcassets in Resources */ = {isa = PBXBuildFile; fileRef = 350697522B11D9590022E978 /* Preview Assets.xcassets */; };
		3506978C2B14F4EF0022E978 /* Apollo in Frameworks */ = {isa = PBXBuildFile; productRef = 3506978B2B14F4EF0022E978 /* Apollo */; };
		3506978E2B14F4EF0022E978 /* ApolloAPI in Frameworks */ = {isa = PBXBuildFile; productRef = 3506978D2B14F4EF0022E978 /* ApolloAPI */; };
		350697902B14F4EF0022E978 /* ApolloSQLite in Frameworks */ = {isa = PBXBuildFile; productRef = 3506978F2B14F4EF0022E978 /* ApolloSQLite */; };
		350697922B14F4EF0022E978 /* ApolloTestSupport in Frameworks */ = {isa = PBXBuildFile; productRef = 350697912B14F4EF0022E978 /* ApolloTestSupport */; };
		357940592B16688200C0DCD7 /* SDWebImageSwiftUI in Frameworks */ = {isa = PBXBuildFile; productRef = 357940582B16688200C0DCD7 /* SDWebImageSwiftUI */; };
		357940602B166B9A00C0DCD7 /* ViewModel.swift in Sources */ = {isa = PBXBuildFile; fileRef = 3579405F2B166B9A00C0DCD7 /* ViewModel.swift */; };
		3579406A2B166E0100C0DCD7 /* schema.graphqls in Resources */ = {isa = PBXBuildFile; fileRef = 357940692B166E0100C0DCD7 /* schema.graphqls */; };
		3579406E2B166E9900C0DCD7 /* LaunchList.graphql in Resources */ = {isa = PBXBuildFile; fileRef = 3579406D2B166E9900C0DCD7 /* LaunchList.graphql */; };
/* End PBXBuildFile section */

/* Begin PBXFileReference section */
		350697482B11D9570022E978 /* [SwiftUI]GraphQL.app */ = {isa = PBXFileReference; explicitFileType = wrapper.application; includeInIndex = 0; path = "[SwiftUI]GraphQL.app"; sourceTree = BUILT_PRODUCTS_DIR; };
		3506974B2B11D9570022E978 /* _SwiftUI_GraphQLApp.swift */ = {isa = PBXFileReference; lastKnownFileType = sourcecode.swift; path = _SwiftUI_GraphQLApp.swift; sourceTree = "<group>"; };
		3506974D2B11D9570022E978 /* ContentView.swift */ = {isa = PBXFileReference; lastKnownFileType = sourcecode.swift; path = ContentView.swift; sourceTree = "<group>"; };
		3506974F2B11D9590022E978 /* Assets.xcassets */ = {isa = PBXFileReference; lastKnownFileType = folder.assetcatalog; path = Assets.xcassets; sourceTree = "<group>"; };
		350697522B11D9590022E978 /* Preview Assets.xcassets */ = {isa = PBXFileReference; lastKnownFileType = folder.assetcatalog; path = "Preview Assets.xcassets"; sourceTree = "<group>"; };
		3579405F2B166B9A00C0DCD7 /* ViewModel.swift */ = {isa = PBXFileReference; lastKnownFileType = sourcecode.swift; path = ViewModel.swift; sourceTree = "<group>"; };
		357940692B166E0100C0DCD7 /* schema.graphqls */ = {isa = PBXFileReference; fileEncoding = 4; lastKnownFileType = text; path = schema.graphqls; sourceTree = "<group>"; };
		3579406D2B166E9900C0DCD7 /* LaunchList.graphql */ = {isa = PBXFileReference; lastKnownFileType = text; path = LaunchList.graphql; sourceTree = "<group>"; };
/* End PBXFileReference section */

/* Begin PBXFrameworksBuildPhase section */
		350697452B11D9570022E978 /* Frameworks */ = {
			isa = PBXFrameworksBuildPhase;
			buildActionMask = 2147483647;
			files = (
				357940592B16688200C0DCD7 /* SDWebImageSwiftUI in Frameworks */,
				3506978E2B14F4EF0022E978 /* ApolloAPI in Frameworks */,
				350697922B14F4EF0022E978 /* ApolloTestSupport in Frameworks */,
				3506978C2B14F4EF0022E978 /* Apollo in Frameworks */,
				350697902B14F4EF0022E978 /* ApolloSQLite in Frameworks */,
			);
			runOnlyForDeploymentPostprocessing = 0;
		};
/* End PBXFrameworksBuildPhase section */

/* Begin PBXGroup section */
		3506973F2B11D9560022E978 = {
			isa = PBXGroup;
			children = (
				3506974A2B11D9570022E978 /* [SwiftUI]GraphQL */,
				350697492B11D9570022E978 /* Products */,
			);
			sourceTree = "<group>";
		};
		350697492B11D9570022E978 /* Products */ = {
			isa = PBXGroup;
			children = (
				350697482B11D9570022E978 /* [SwiftUI]GraphQL.app */,
			);
			name = Products;
			sourceTree = "<group>";
		};
		3506974A2B11D9570022E978 /* [SwiftUI]GraphQL */ = {
			isa = PBXGroup;
			children = (
				357940682B166E0100C0DCD7 /* SpaceX */,
				3506974B2B11D9570022E978 /* _SwiftUI_GraphQLApp.swift */,
				3506974D2B11D9570022E978 /* ContentView.swift */,
				3579405F2B166B9A00C0DCD7 /* ViewModel.swift */,
				3506974F2B11D9590022E978 /* Assets.xcassets */,
				350697512B11D9590022E978 /* Preview Content */,
			);
			path = "[SwiftUI]GraphQL";
			sourceTree = "<group>";
		};
		350697512B11D9590022E978 /* Preview Content */ = {
			isa = PBXGroup;
			children = (
				350697522B11D9590022E978 /* Preview Assets.xcassets */,
			);
			path = "Preview Content";
			sourceTree = "<group>";
		};
		357940682B166E0100C0DCD7 /* SpaceX */ = {
			isa = PBXGroup;
			children = (
				357940692B166E0100C0DCD7 /* schema.graphqls */,
				3579406D2B166E9900C0DCD7 /* LaunchList.graphql */,
			);
			path = SpaceX;
			sourceTree = SOURCE_ROOT;
		};
/* End PBXGroup section */

/* Begin PBXNativeTarget section */
		350697472B11D9570022E978 /* [SwiftUI]GraphQL */ = {
			isa = PBXNativeTarget;
			buildConfigurationList = 350697562B11D9590022E978 /* Build configuration list for PBXNativeTarget "[SwiftUI]GraphQL" */;
			buildPhases = (
				350697442B11D9570022E978 /* Sources */,
				350697452B11D9570022E978 /* Frameworks */,
				350697462B11D9570022E978 /* Resources */,
			);
			buildRules = (
			);
			dependencies = (
			);
			name = "[SwiftUI]GraphQL";
			packageProductDependencies = (
				3506978B2B14F4EF0022E978 /* Apollo */,
				3506978D2B14F4EF0022E978 /* ApolloAPI */,
				3506978F2B14F4EF0022E978 /* ApolloSQLite */,
				350697912B14F4EF0022E978 /* ApolloTestSupport */,
				357940582B16688200C0DCD7 /* SDWebImageSwiftUI */,
			);
			productName = "[SwiftUI]GraphQL";
			productReference = 350697482B11D9570022E978 /* [SwiftUI]GraphQL.app */;
			productType = "com.apple.product-type.application";
		};
/* End PBXNativeTarget section */

/* Begin PBXProject section */
		350697402B11D9560022E978 /* Project object */ = {
			isa = PBXProject;
			attributes = {
				BuildIndependentTargetsInParallel = 1;
				LastSwiftUpdateCheck = 1500;
				LastUpgradeCheck = 1500;
				TargetAttributes = {
					350697472B11D9570022E978 = {
						CreatedOnToolsVersion = 15.0.1;
					};
				};
			};
			buildConfigurationList = 350697432B11D9560022E978 /* Build configuration list for PBXProject "[SwiftUI]GraphQL" */;
			compatibilityVersion = "Xcode 14.0";
			developmentRegion = en;
			hasScannedForEncodings = 0;
			knownRegions = (
				en,
				Base,
			);
			mainGroup = 3506973F2B11D9560022E978;
			packageReferences = (
				3506978A2B14F4EF0022E978 /* XCRemoteSwiftPackageReference "apollo-ios" */,
				357940572B16688200C0DCD7 /* XCRemoteSwiftPackageReference "SDWebImageSwiftUI" */,
			);
			productRefGroup = 350697492B11D9570022E978 /* Products */;
			projectDirPath = "";
			projectRoot = "";
			targets = (
				350697472B11D9570022E978 /* [SwiftUI]GraphQL */,
			);
		};
/* End PBXProject section */

/* Begin PBXResourcesBuildPhase section */
		350697462B11D9570022E978 /* Resources */ = {
			isa = PBXResourcesBuildPhase;
			buildActionMask = 2147483647;
			files = (
				350697532B11D9590022E978 /* Preview Assets.xcassets in Resources */,
				3579406E2B166E9900C0DCD7 /* LaunchList.graphql in Resources */,
				3579406A2B166E0100C0DCD7 /* schema.graphqls in Resources */,
				350697502B11D9590022E978 /* Assets.xcassets in Resources */,
			);
			runOnlyForDeploymentPostprocessing = 0;
		};
/* End PBXResourcesBuildPhase section */

/* Begin PBXSourcesBuildPhase section */
		350697442B11D9570022E978 /* Sources */ = {
			isa = PBXSourcesBuildPhase;
			buildActionMask = 2147483647;
			files = (
				3506974E2B11D9570022E978 /* ContentView.swift in Sources */,
				357940602B166B9A00C0DCD7 /* ViewModel.swift in Sources */,
				3506974C2B11D9570022E978 /* _SwiftUI_GraphQLApp.swift in Sources */,
			);
			runOnlyForDeploymentPostprocessing = 0;
		};
/* End PBXSourcesBuildPhase section */

/* Begin XCBuildConfiguration section */
		350697542B11D9590022E978 /* Debug */ = {
			isa = XCBuildConfiguration;
			buildSettings = {
				ALWAYS_SEARCH_USER_PATHS = NO;
				ASSETCATALOG_COMPILER_GENERATE_SWIFT_ASSET_SYMBOL_EXTENSIONS = YES;
				CLANG_ANALYZER_NONNULL = YES;
				CLANG_ANALYZER_NUMBER_OBJECT_CONVERSION = YES_AGGRESSIVE;
				CLANG_CXX_LANGUAGE_STANDARD = "gnu++20";
				CLANG_ENABLE_MODULES = YES;
				CLANG_ENABLE_OBJC_ARC = YES;
				CLANG_ENABLE_OBJC_WEAK = YES;
				CLANG_WARN_BLOCK_CAPTURE_AUTORELEASING = YES;
				CLANG_WARN_BOOL_CONVERSION = YES;
				CLANG_WARN_COMMA = YES;
				CLANG_WARN_CONSTANT_CONVERSION = YES;
				CLANG_WARN_DEPRECATED_OBJC_IMPLEMENTATIONS = YES;
				CLANG_WARN_DIRECT_OBJC_ISA_USAGE = YES_ERROR;
				CLANG_WARN_DOCUMENTATION_COMMENTS = YES;
				CLANG_WARN_EMPTY_BODY = YES;
				CLANG_WARN_ENUM_CONVERSION = YES;
				CLANG_WARN_INFINITE_RECURSION = YES;
				CLANG_WARN_INT_CONVERSION = YES;
				CLANG_WARN_NON_LITERAL_NULL_CONVERSION = YES;
				CLANG_WARN_OBJC_IMPLICIT_RETAIN_SELF = YES;
				CLANG_WARN_OBJC_LITERAL_CONVERSION = YES;
				CLANG_WARN_OBJC_ROOT_CLASS = YES_ERROR;
				CLANG_WARN_QUOTED_INCLUDE_IN_FRAMEWORK_HEADER = YES;
				CLANG_WARN_RANGE_LOOP_ANALYSIS = YES;
				CLANG_WARN_STRICT_PROTOTYPES = YES;
				CLANG_WARN_SUSPICIOUS_MOVE = YES;
				CLANG_WARN_UNGUARDED_AVAILABILITY = YES_AGGRESSIVE;
				CLANG_WARN_UNREACHABLE_CODE = YES;
				CLANG_WARN__DUPLICATE_METHOD_MATCH = YES;
				COPY_PHASE_STRIP = NO;
				DEBUG_INFORMATION_FORMAT = dwarf;
				ENABLE_STRICT_OBJC_MSGSEND = YES;
				ENABLE_TESTABILITY = YES;
				ENABLE_USER_SCRIPT_SANDBOXING = YES;
				GCC_C_LANGUAGE_STANDARD = gnu17;
				GCC_DYNAMIC_NO_PIC = NO;
				GCC_NO_COMMON_BLOCKS = YES;
				GCC_OPTIMIZATION_LEVEL = 0;
				GCC_PREPROCESSOR_DEFINITIONS = (
					"DEBUG=1",
					"$(inherited)",
				);
				GCC_WARN_64_TO_32_BIT_CONVERSION = YES;
				GCC_WARN_ABOUT_RETURN_TYPE = YES_ERROR;
				GCC_WARN_UNDECLARED_SELECTOR = YES;
				GCC_WARN_UNINITIALIZED_AUTOS = YES_AGGRESSIVE;
				GCC_WARN_UNUSED_FUNCTION = YES;
				GCC_WARN_UNUSED_VARIABLE = YES;
				IPHONEOS_DEPLOYMENT_TARGET = 17.0;
				LOCALIZATION_PREFERS_STRING_CATALOGS = YES;
				MTL_ENABLE_DEBUG_INFO = INCLUDE_SOURCE;
				MTL_FAST_MATH = YES;
				ONLY_ACTIVE_ARCH = YES;
				SDKROOT = iphoneos;
				SWIFT_ACTIVE_COMPILATION_CONDITIONS = "DEBUG $(inherited)";
				SWIFT_OPTIMIZATION_LEVEL = "-Onone";
			};
			name = Debug;
		};
		350697552B11D9590022E978 /* Release */ = {
			isa = XCBuildConfiguration;
			buildSettings = {
				ALWAYS_SEARCH_USER_PATHS = NO;
				ASSETCATALOG_COMPILER_GENERATE_SWIFT_ASSET_SYMBOL_EXTENSIONS = YES;
				CLANG_ANALYZER_NONNULL = YES;
				CLANG_ANALYZER_NUMBER_OBJECT_CONVERSION = YES_AGGRESSIVE;
				CLANG_CXX_LANGUAGE_STANDARD = "gnu++20";
				CLANG_ENABLE_MODULES = YES;
				CLANG_ENABLE_OBJC_ARC = YES;
				CLANG_ENABLE_OBJC_WEAK = YES;
				CLANG_WARN_BLOCK_CAPTURE_AUTORELEASING = YES;
				CLANG_WARN_BOOL_CONVERSION = YES;
				CLANG_WARN_COMMA = YES;
				CLANG_WARN_CONSTANT_CONVERSION = YES;
				CLANG_WARN_DEPRECATED_OBJC_IMPLEMENTATIONS = YES;
				CLANG_WARN_DIRECT_OBJC_ISA_USAGE = YES_ERROR;
				CLANG_WARN_DOCUMENTATION_COMMENTS = YES;
				CLANG_WARN_EMPTY_BODY = YES;
				CLANG_WARN_ENUM_CONVERSION = YES;
				CLANG_WARN_INFINITE_RECURSION = YES;
				CLANG_WARN_INT_CONVERSION = YES;
				CLANG_WARN_NON_LITERAL_NULL_CONVERSION = YES;
				CLANG_WARN_OBJC_IMPLICIT_RETAIN_SELF = YES;
				CLANG_WARN_OBJC_LITERAL_CONVERSION = YES;
				CLANG_WARN_OBJC_ROOT_CLASS = YES_ERROR;
				CLANG_WARN_QUOTED_INCLUDE_IN_FRAMEWORK_HEADER = YES;
				CLANG_WARN_RANGE_LOOP_ANALYSIS = YES;
				CLANG_WARN_STRICT_PROTOTYPES = YES;
				CLANG_WARN_SUSPICIOUS_MOVE = YES;
				CLANG_WARN_UNGUARDED_AVAILABILITY = YES_AGGRESSIVE;
				CLANG_WARN_UNREACHABLE_CODE = YES;
				CLANG_WARN__DUPLICATE_METHOD_MATCH = YES;
				COPY_PHASE_STRIP = NO;
				DEBUG_INFORMATION_FORMAT = "dwarf-with-dsym";
				ENABLE_NS_ASSERTIONS = NO;
				ENABLE_STRICT_OBJC_MSGSEND = YES;
				ENABLE_USER_SCRIPT_SANDBOXING = YES;
				GCC_C_LANGUAGE_STANDARD = gnu17;
				GCC_NO_COMMON_BLOCKS = YES;
				GCC_WARN_64_TO_32_BIT_CONVERSION = YES;
				GCC_WARN_ABOUT_RETURN_TYPE = YES_ERROR;
				GCC_WARN_UNDECLARED_SELECTOR = YES;
				GCC_WARN_UNINITIALIZED_AUTOS = YES_AGGRESSIVE;
				GCC_WARN_UNUSED_FUNCTION = YES;
				GCC_WARN_UNUSED_VARIABLE = YES;
				IPHONEOS_DEPLOYMENT_TARGET = 17.0;
				LOCALIZATION_PREFERS_STRING_CATALOGS = YES;
				MTL_ENABLE_DEBUG_INFO = NO;
				MTL_FAST_MATH = YES;
				SDKROOT = iphoneos;
				SWIFT_COMPILATION_MODE = wholemodule;
				VALIDATE_PRODUCT = YES;
			};
			name = Release;
		};
		350697572B11D9590022E978 /* Debug */ = {
			isa = XCBuildConfiguration;
			buildSettings = {
				ASSETCATALOG_COMPILER_APPICON_NAME = AppIcon;
				ASSETCATALOG_COMPILER_GLOBAL_ACCENT_COLOR_NAME = AccentColor;
				CODE_SIGN_STYLE = Automatic;
				CURRENT_PROJECT_VERSION = 1;
				DEVELOPMENT_ASSET_PATHS = "\"[SwiftUI]GraphQL/Preview Content\"";
				DEVELOPMENT_TEAM = KSY72YVT4X;
				ENABLE_PREVIEWS = YES;
				GENERATE_INFOPLIST_FILE = YES;
				INFOPLIST_KEY_UIApplicationSceneManifest_Generation = YES;
				INFOPLIST_KEY_UIApplicationSupportsIndirectInputEvents = YES;
				INFOPLIST_KEY_UILaunchScreen_Generation = YES;
				INFOPLIST_KEY_UISupportedInterfaceOrientations_iPad = "UIInterfaceOrientationPortrait UIInterfaceOrientationPortraitUpsideDown UIInterfaceOrientationLandscapeLeft UIInterfaceOrientationLandscapeRight";
				INFOPLIST_KEY_UISupportedInterfaceOrientations_iPhone = "UIInterfaceOrientationPortrait UIInterfaceOrientationLandscapeLeft UIInterfaceOrientationLandscapeRight";
				LD_RUNPATH_SEARCH_PATHS = (
					"$(inherited)",
					"@executable_path/Frameworks",
				);
				MARKETING_VERSION = 1.0;
				PRODUCT_BUNDLE_IDENTIFIER = "com.GeDingUniverse.-SwiftUI-GraphQL";
				PRODUCT_NAME = "$(TARGET_NAME)";
				SWIFT_EMIT_LOC_STRINGS = YES;
				SWIFT_VERSION = 5.0;
				TARGETED_DEVICE_FAMILY = "1,2";
			};
			name = Debug;
		};
		350697582B11D9590022E978 /* Release */ = {
			isa = XCBuildConfiguration;
			buildSettings = {
				ASSETCATALOG_COMPILER_APPICON_NAME = AppIcon;
				ASSETCATALOG_COMPILER_GLOBAL_ACCENT_COLOR_NAME = AccentColor;
				CODE_SIGN_STYLE = Automatic;
				CURRENT_PROJECT_VERSION = 1;
				DEVELOPMENT_ASSET_PATHS = "\"[SwiftUI]GraphQL/Preview Content\"";
				DEVELOPMENT_TEAM = KSY72YVT4X;
				ENABLE_PREVIEWS = YES;
				GENERATE_INFOPLIST_FILE = YES;
				INFOPLIST_KEY_UIApplicationSceneManifest_Generation = YES;
				INFOPLIST_KEY_UIApplicationSupportsIndirectInputEvents = YES;
				INFOPLIST_KEY_UILaunchScreen_Generation = YES;
				INFOPLIST_KEY_UISupportedInterfaceOrientations_iPad = "UIInterfaceOrientationPortrait UIInterfaceOrientationPortraitUpsideDown UIInterfaceOrientationLandscapeLeft UIInterfaceOrientationLandscapeRight";
				INFOPLIST_KEY_UISupportedInterfaceOrientations_iPhone = "UIInterfaceOrientationPortrait UIInterfaceOrientationLandscapeLeft UIInterfaceOrientationLandscapeRight";
				LD_RUNPATH_SEARCH_PATHS = (
					"$(inherited)",
					"@executable_path/Frameworks",
				);
				MARKETING_VERSION = 1.0;
				PRODUCT_BUNDLE_IDENTIFIER = "com.GeDingUniverse.-SwiftUI-GraphQL";
				PRODUCT_NAME = "$(TARGET_NAME)";
				SWIFT_EMIT_LOC_STRINGS = YES;
				SWIFT_VERSION = 5.0;
				TARGETED_DEVICE_FAMILY = "1,2";
			};
			name = Release;
		};
/* End XCBuildConfiguration section */

/* Begin XCConfigurationList section */
		350697432B11D9560022E978 /* Build configuration list for PBXProject "[SwiftUI]GraphQL" */ = {
			isa = XCConfigurationList;
			buildConfigurations = (
				350697542B11D9590022E978 /* Debug */,
				350697552B11D9590022E978 /* Release */,
			);
			defaultConfigurationIsVisible = 0;
			defaultConfigurationName = Release;
		};
		350697562B11D9590022E978 /* Build configuration list for PBXNativeTarget "[SwiftUI]GraphQL" */ = {
			isa = XCConfigurationList;
			buildConfigurations = (
				350697572B11D9590022E978 /* Debug */,
				350697582B11D9590022E978 /* Release */,
			);
			defaultConfigurationIsVisible = 0;
			defaultConfigurationName = Release;
		};
/* End XCConfigurationList section */

/* Begin XCRemoteSwiftPackageReference section */
		3506978A2B14F4EF0022E978 /* XCRemoteSwiftPackageReference "apollo-ios" */ = {
			isa = XCRemoteSwiftPackageReference;
			repositoryURL = "https://github.com/apollographql/apollo-ios.git";
			requirement = {
				kind = upToNextMajorVersion;
				minimumVersion = 1.7.1;
			};
		};
		357940572B16688200C0DCD7 /* XCRemoteSwiftPackageReference "SDWebImageSwiftUI" */ = {
			isa = XCRemoteSwiftPackageReference;
			repositoryURL = "https://github.com/SDWebImage/SDWebImageSwiftUI.git";
			requirement = {
				kind = upToNextMajorVersion;
				minimumVersion = 2.2.4;
			};
		};
/* End XCRemoteSwiftPackageReference section */

/* Begin XCSwiftPackageProductDependency section */
		3506978B2B14F4EF0022E978 /* Apollo */ = {
			isa = XCSwiftPackageProductDependency;
			package = 3506978A2B14F4EF0022E978 /* XCRemoteSwiftPackageReference "apollo-ios" */;
			productName = Apollo;
		};
		3506978D2B14F4EF0022E978 /* ApolloAPI */ = {
			isa = XCSwiftPackageProductDependency;
			package = 3506978A2B14F4EF0022E978 /* XCRemoteSwiftPackageReference "apollo-ios" */;
			productName = ApolloAPI;
		};
		3506978F2B14F4EF0022E978 /* ApolloSQLite */ = {
			isa = XCSwiftPackageProductDependency;
			package = 3506978A2B14F4EF0022E978 /* XCRemoteSwiftPackageReference "apollo-ios" */;
			productName = ApolloSQLite;
		};
		350697912B14F4EF0022E978 /* ApolloTestSupport */ = {
			isa = XCSwiftPackageProductDependency;
			package = 3506978A2B14F4EF0022E978 /* XCRemoteSwiftPackageReference "apollo-ios" */;
			productName = ApolloTestSupport;
		};
		357940582B16688200C0DCD7 /* SDWebImageSwiftUI */ = {
			isa = XCSwiftPackageProductDependency;
			package = 357940572B16688200C0DCD7 /* XCRemoteSwiftPackageReference "SDWebImageSwiftUI" */;
			productName = SDWebImageSwiftUI;
		};
/* End XCSwiftPackageProductDependency section */
	};
	rootObject = 350697402B11D9560022E978 /* Project object */;
}
