// !$*UTF8*$!
{
	archiveVersion = 1;
	classes = {
	};
	objectVersion = 56;
	objects = {

/* Begin PBXBuildFile section */
		354837AA2B069F3000866462 /* _SwiftUI_GraphQLApp.swift in Sources */ = {isa = PBXBuildFile; fileRef = 354837A92B069F3000866462 /* _SwiftUI_GraphQLApp.swift */; };
		354837AC2B069F3000866462 /* ContentView.swift in Sources */ = {isa = PBXBuildFile; fileRef = 354837AB2B069F3000866462 /* ContentView.swift */; };
		354837AE2B069F3300866462 /* Assets.xcassets in Resources */ = {isa = PBXBuildFile; fileRef = 354837AD2B069F3300866462 /* Assets.xcassets */; };
		354837B12B069F3300866462 /* Preview Assets.xcassets in Resources */ = {isa = PBXBuildFile; fileRef = 354837B02B069F3300866462 /* Preview Assets.xcassets */; };
		354837B92B069F6100866462 /* Apollo in Frameworks */ = {isa = PBXBuildFile; productRef = 354837B82B069F6100866462 /* Apollo */; };
		354837BD2B069F6100866462 /* ApolloAPI in Frameworks */ = {isa = PBXBuildFile; productRef = 354837BC2B069F6100866462 /* ApolloAPI */; };
		354837BF2B069F6100866462 /* ApolloSQLite in Frameworks */ = {isa = PBXBuildFile; productRef = 354837BE2B069F6100866462 /* ApolloSQLite */; };
		354837C12B069F6100866462 /* ApolloTestSupport in Frameworks */ = {isa = PBXBuildFile; productRef = 354837C02B069F6100866462 /* ApolloTestSupport */; };
		354837C32B069F6100866462 /* ApolloWebSocket in Frameworks */ = {isa = PBXBuildFile; productRef = 354837C22B069F6100866462 /* ApolloWebSocket */; };
/* End PBXBuildFile section */

/* Begin PBXFileReference section */
		354837A62B069F3000866462 /* [SwiftUI]GraphQL.app */ = {isa = PBXFileReference; explicitFileType = wrapper.application; includeInIndex = 0; path = "[SwiftUI]GraphQL.app"; sourceTree = BUILT_PRODUCTS_DIR; };
		354837A92B069F3000866462 /* _SwiftUI_GraphQLApp.swift */ = {isa = PBXFileReference; lastKnownFileType = sourcecode.swift; path = _SwiftUI_GraphQLApp.swift; sourceTree = "<group>"; };
		354837AB2B069F3000866462 /* ContentView.swift */ = {isa = PBXFileReference; lastKnownFileType = sourcecode.swift; path = ContentView.swift; sourceTree = "<group>"; };
		354837AD2B069F3300866462 /* Assets.xcassets */ = {isa = PBXFileReference; lastKnownFileType = folder.assetcatalog; path = Assets.xcassets; sourceTree = "<group>"; };
		354837B02B069F3300866462 /* Preview Assets.xcassets */ = {isa = PBXFileReference; lastKnownFileType = folder.assetcatalog; path = "Preview Assets.xcassets"; sourceTree = "<group>"; };
/* End PBXFileReference section */

/* Begin PBXFrameworksBuildPhase section */
		354837A32B069F3000866462 /* Frameworks */ = {
			isa = PBXFrameworksBuildPhase;
			buildActionMask = 2147483647;
			files = (
				354837BD2B069F6100866462 /* ApolloAPI in Frameworks */,
				354837C32B069F6100866462 /* ApolloWebSocket in Frameworks */,
				354837C12B069F6100866462 /* ApolloTestSupport in Frameworks */,
				354837BF2B069F6100866462 /* ApolloSQLite in Frameworks */,
				354837B92B069F6100866462 /* Apollo in Frameworks */,
			);
			runOnlyForDeploymentPostprocessing = 0;
		};
/* End PBXFrameworksBuildPhase section */

/* Begin PBXGroup section */
		3548379D2B069F3000866462 = {
			isa = PBXGroup;
			children = (
				354837A82B069F3000866462 /* [SwiftUI]GraphQL */,
				354837A72B069F3000866462 /* Products */,
			);
			sourceTree = "<group>";
		};
		354837A72B069F3000866462 /* Products */ = {
			isa = PBXGroup;
			children = (
				354837A62B069F3000866462 /* [SwiftUI]GraphQL.app */,
			);
			name = Products;
			sourceTree = "<group>";
		};
		354837A82B069F3000866462 /* [SwiftUI]GraphQL */ = {
			isa = PBXGroup;
			children = (
				354837A92B069F3000866462 /* _SwiftUI_GraphQLApp.swift */,
				354837AB2B069F3000866462 /* ContentView.swift */,
				354837AD2B069F3300866462 /* Assets.xcassets */,
				354837AF2B069F3300866462 /* Preview Content */,
			);
			path = "[SwiftUI]GraphQL";
			sourceTree = "<group>";
		};
		354837AF2B069F3300866462 /* Preview Content */ = {
			isa = PBXGroup;
			children = (
				354837B02B069F3300866462 /* Preview Assets.xcassets */,
			);
			path = "Preview Content";
			sourceTree = "<group>";
		};
/* End PBXGroup section */

/* Begin PBXNativeTarget section */
		354837A52B069F3000866462 /* [SwiftUI]GraphQL */ = {
			isa = PBXNativeTarget;
			buildConfigurationList = 354837B42B069F3300866462 /* Build configuration list for PBXNativeTarget "[SwiftUI]GraphQL" */;
			buildPhases = (
				354837A22B069F3000866462 /* Sources */,
				354837A32B069F3000866462 /* Frameworks */,
				354837A42B069F3000866462 /* Resources */,
			);
			buildRules = (
			);
			dependencies = (
			);
			name = "[SwiftUI]GraphQL";
			packageProductDependencies = (
				354837B82B069F6100866462 /* Apollo */,
				354837BC2B069F6100866462 /* ApolloAPI */,
				354837BE2B069F6100866462 /* ApolloSQLite */,
				354837C02B069F6100866462 /* ApolloTestSupport */,
				354837C22B069F6100866462 /* ApolloWebSocket */,
			);
			productName = "[SwiftUI]GraphQL";
			productReference = 354837A62B069F3000866462 /* [SwiftUI]GraphQL.app */;
			productType = "com.apple.product-type.application";
		};
/* End PBXNativeTarget section */

/* Begin PBXProject section */
		3548379E2B069F3000866462 /* Project object */ = {
			isa = PBXProject;
			attributes = {
				BuildIndependentTargetsInParallel = 1;
				LastSwiftUpdateCheck = 1500;
				LastUpgradeCheck = 1500;
				TargetAttributes = {
					354837A52B069F3000866462 = {
						CreatedOnToolsVersion = 15.0.1;
					};
				};
			};
			buildConfigurationList = 354837A12B069F3000866462 /* Build configuration list for PBXProject "[SwiftUI]GraphQL" */;
			compatibilityVersion = "Xcode 14.0";
			developmentRegion = en;
			hasScannedForEncodings = 0;
			knownRegions = (
				en,
				Base,
			);
			mainGroup = 3548379D2B069F3000866462;
			packageReferences = (
				354837B72B069F6100866462 /* XCRemoteSwiftPackageReference "apollo-ios" */,
			);
			productRefGroup = 354837A72B069F3000866462 /* Products */;
			projectDirPath = "";
			projectRoot = "";
			targets = (
				354837A52B069F3000866462 /* [SwiftUI]GraphQL */,
			);
		};
/* End PBXProject section */

/* Begin PBXResourcesBuildPhase section */
		354837A42B069F3000866462 /* Resources */ = {
			isa = PBXResourcesBuildPhase;
			buildActionMask = 2147483647;
			files = (
				354837B12B069F3300866462 /* Preview Assets.xcassets in Resources */,
				354837AE2B069F3300866462 /* Assets.xcassets in Resources */,
			);
			runOnlyForDeploymentPostprocessing = 0;
		};
/* End PBXResourcesBuildPhase section */

/* Begin PBXSourcesBuildPhase section */
		354837A22B069F3000866462 /* Sources */ = {
			isa = PBXSourcesBuildPhase;
			buildActionMask = 2147483647;
			files = (
				354837AC2B069F3000866462 /* ContentView.swift in Sources */,
				354837AA2B069F3000866462 /* _SwiftUI_GraphQLApp.swift in Sources */,
			);
			runOnlyForDeploymentPostprocessing = 0;
		};
/* End PBXSourcesBuildPhase section */

/* Begin XCBuildConfiguration section */
		354837B22B069F3300866462 /* Debug */ = {
			isa = XCBuildConfiguration;
			buildSettings = {
				ALWAYS_SEARCH_USER_PATHS = NO;
				ASSETCATALOG_COMPILER_GENERATE_SWIFT_ASSET_SYMBOL_EXTENSIONS = YES;
				CLANG_ANALYZER_NONNULL = YES;
				CLANG_ANALYZER_NUMBER_OBJECT_CONVERSION = YES_AGGRESSIVE;
				CLANG_CXX_LANGUAGE_STANDARD = "gnu++20";
				CLANG_ENABLE_MODULES = YES;
				CLANG_ENABLE_OBJC_ARC = YES;
				CLANG_ENABLE_OBJC_WEAK = YES;
				CLANG_WARN_BLOCK_CAPTURE_AUTORELEASING = YES;
				CLANG_WARN_BOOL_CONVERSION = YES;
				CLANG_WARN_COMMA = YES;
				CLANG_WARN_CONSTANT_CONVERSION = YES;
				CLANG_WARN_DEPRECATED_OBJC_IMPLEMENTATIONS = YES;
				CLANG_WARN_DIRECT_OBJC_ISA_USAGE = YES_ERROR;
				CLANG_WARN_DOCUMENTATION_COMMENTS = YES;
				CLANG_WARN_EMPTY_BODY = YES;
				CLANG_WARN_ENUM_CONVERSION = YES;
				CLANG_WARN_INFINITE_RECURSION = YES;
				CLANG_WARN_INT_CONVERSION = YES;
				CLANG_WARN_NON_LITERAL_NULL_CONVERSION = YES;
				CLANG_WARN_OBJC_IMPLICIT_RETAIN_SELF = YES;
				CLANG_WARN_OBJC_LITERAL_CONVERSION = YES;
				CLANG_WARN_OBJC_ROOT_CLASS = YES_ERROR;
				CLANG_WARN_QUOTED_INCLUDE_IN_FRAMEWORK_HEADER = YES;
				CLANG_WARN_RANGE_LOOP_ANALYSIS = YES;
				CLANG_WARN_STRICT_PROTOTYPES = YES;
				CLANG_WARN_SUSPICIOUS_MOVE = YES;
				CLANG_WARN_UNGUARDED_AVAILABILITY = YES_AGGRESSIVE;
				CLANG_WARN_UNREACHABLE_CODE = YES;
				CLANG_WARN__DUPLICATE_METHOD_MATCH = YES;
				COPY_PHASE_STRIP = NO;
				DEBUG_INFORMATION_FORMAT = dwarf;
				ENABLE_STRICT_OBJC_MSGSEND = YES;
				ENABLE_TESTABILITY = YES;
				ENABLE_USER_SCRIPT_SANDBOXING = YES;
				GCC_C_LANGUAGE_STANDARD = gnu17;
				GCC_DYNAMIC_NO_PIC = NO;
				GCC_NO_COMMON_BLOCKS = YES;
				GCC_OPTIMIZATION_LEVEL = 0;
				GCC_PREPROCESSOR_DEFINITIONS = (
					"DEBUG=1",
					"$(inherited)",
				);
				GCC_WARN_64_TO_32_BIT_CONVERSION = YES;
				GCC_WARN_ABOUT_RETURN_TYPE = YES_ERROR;
				GCC_WARN_UNDECLARED_SELECTOR = YES;
				GCC_WARN_UNINITIALIZED_AUTOS = YES_AGGRESSIVE;
				GCC_WARN_UNUSED_FUNCTION = YES;
				GCC_WARN_UNUSED_VARIABLE = YES;
				IPHONEOS_DEPLOYMENT_TARGET = 17.0;
				LOCALIZATION_PREFERS_STRING_CATALOGS = YES;
				MTL_ENABLE_DEBUG_INFO = INCLUDE_SOURCE;
				MTL_FAST_MATH = YES;
				ONLY_ACTIVE_ARCH = YES;
				SDKROOT = iphoneos;
				SWIFT_ACTIVE_COMPILATION_CONDITIONS = "DEBUG $(inherited)";
				SWIFT_OPTIMIZATION_LEVEL = "-Onone";
			};
			name = Debug;
		};
		354837B32B069F3300866462 /* Release */ = {
			isa = XCBuildConfiguration;
			buildSettings = {
				ALWAYS_SEARCH_USER_PATHS = NO;
				ASSETCATALOG_COMPILER_GENERATE_SWIFT_ASSET_SYMBOL_EXTENSIONS = YES;
				CLANG_ANALYZER_NONNULL = YES;
				CLANG_ANALYZER_NUMBER_OBJECT_CONVERSION = YES_AGGRESSIVE;
				CLANG_CXX_LANGUAGE_STANDARD = "gnu++20";
				CLANG_ENABLE_MODULES = YES;
				CLANG_ENABLE_OBJC_ARC = YES;
				CLANG_ENABLE_OBJC_WEAK = YES;
				CLANG_WARN_BLOCK_CAPTURE_AUTORELEASING = YES;
				CLANG_WARN_BOOL_CONVERSION = YES;
				CLANG_WARN_COMMA = YES;
				CLANG_WARN_CONSTANT_CONVERSION = YES;
				CLANG_WARN_DEPRECATED_OBJC_IMPLEMENTATIONS = YES;
				CLANG_WARN_DIRECT_OBJC_ISA_USAGE = YES_ERROR;
				CLANG_WARN_DOCUMENTATION_COMMENTS = YES;
				CLANG_WARN_EMPTY_BODY = YES;
				CLANG_WARN_ENUM_CONVERSION = YES;
				CLANG_WARN_INFINITE_RECURSION = YES;
				CLANG_WARN_INT_CONVERSION = YES;
				CLANG_WARN_NON_LITERAL_NULL_CONVERSION = YES;
				CLANG_WARN_OBJC_IMPLICIT_RETAIN_SELF = YES;
				CLANG_WARN_OBJC_LITERAL_CONVERSION = YES;
				CLANG_WARN_OBJC_ROOT_CLASS = YES_ERROR;
				CLANG_WARN_QUOTED_INCLUDE_IN_FRAMEWORK_HEADER = YES;
				CLANG_WARN_RANGE_LOOP_ANALYSIS = YES;
				CLANG_WARN_STRICT_PROTOTYPES = YES;
				CLANG_WARN_SUSPICIOUS_MOVE = YES;
				CLANG_WARN_UNGUARDED_AVAILABILITY = YES_AGGRESSIVE;
				CLANG_WARN_UNREACHABLE_CODE = YES;
				CLANG_WARN__DUPLICATE_METHOD_MATCH = YES;
				COPY_PHASE_STRIP = NO;
				DEBUG_INFORMATION_FORMAT = "dwarf-with-dsym";
				ENABLE_NS_ASSERTIONS = NO;
				ENABLE_STRICT_OBJC_MSGSEND = YES;
				ENABLE_USER_SCRIPT_SANDBOXING = YES;
				GCC_C_LANGUAGE_STANDARD = gnu17;
				GCC_NO_COMMON_BLOCKS = YES;
				GCC_WARN_64_TO_32_BIT_CONVERSION = YES;
				GCC_WARN_ABOUT_RETURN_TYPE = YES_ERROR;
				GCC_WARN_UNDECLARED_SELECTOR = YES;
				GCC_WARN_UNINITIALIZED_AUTOS = YES_AGGRESSIVE;
				GCC_WARN_UNUSED_FUNCTION = YES;
				GCC_WARN_UNUSED_VARIABLE = YES;
				IPHONEOS_DEPLOYMENT_TARGET = 17.0;
				LOCALIZATION_PREFERS_STRING_CATALOGS = YES;
				MTL_ENABLE_DEBUG_INFO = NO;
				MTL_FAST_MATH = YES;
				SDKROOT = iphoneos;
				SWIFT_COMPILATION_MODE = wholemodule;
				VALIDATE_PRODUCT = YES;
			};
			name = Release;
		};
		354837B52B069F3300866462 /* Debug */ = {
			isa = XCBuildConfiguration;
			buildSettings = {
				ASSETCATALOG_COMPILER_APPICON_NAME = AppIcon;
				ASSETCATALOG_COMPILER_GLOBAL_ACCENT_COLOR_NAME = AccentColor;
				CODE_SIGN_STYLE = Automatic;
				CURRENT_PROJECT_VERSION = 1;
				DEVELOPMENT_ASSET_PATHS = "\"[SwiftUI]GraphQL/Preview Content\"";
				DEVELOPMENT_TEAM = KSY72YVT4X;
				ENABLE_PREVIEWS = YES;
				GENERATE_INFOPLIST_FILE = YES;
				INFOPLIST_KEY_UIApplicationSceneManifest_Generation = YES;
				INFOPLIST_KEY_UIApplicationSupportsIndirectInputEvents = YES;
				INFOPLIST_KEY_UILaunchScreen_Generation = YES;
				INFOPLIST_KEY_UISupportedInterfaceOrientations_iPad = "UIInterfaceOrientationPortrait UIInterfaceOrientationPortraitUpsideDown UIInterfaceOrientationLandscapeLeft UIInterfaceOrientationLandscapeRight";
				INFOPLIST_KEY_UISupportedInterfaceOrientations_iPhone = "UIInterfaceOrientationPortrait UIInterfaceOrientationLandscapeLeft UIInterfaceOrientationLandscapeRight";
				LD_RUNPATH_SEARCH_PATHS = (
					"$(inherited)",
					"@executable_path/Frameworks",
				);
				MARKETING_VERSION = 1.0;
				PRODUCT_BUNDLE_IDENTIFIER = "com.GeDingUniverse.-SwiftUI-GraphQL";
				PRODUCT_NAME = "$(TARGET_NAME)";
				SWIFT_EMIT_LOC_STRINGS = YES;
				SWIFT_VERSION = 5.0;
				TARGETED_DEVICE_FAMILY = "1,2";
			};
			name = Debug;
		};
		354837B62B069F3300866462 /* Release */ = {
			isa = XCBuildConfiguration;
			buildSettings = {
				ASSETCATALOG_COMPILER_APPICON_NAME = AppIcon;
				ASSETCATALOG_COMPILER_GLOBAL_ACCENT_COLOR_NAME = AccentColor;
				CODE_SIGN_STYLE = Automatic;
				CURRENT_PROJECT_VERSION = 1;
				DEVELOPMENT_ASSET_PATHS = "\"[SwiftUI]GraphQL/Preview Content\"";
				DEVELOPMENT_TEAM = KSY72YVT4X;
				ENABLE_PREVIEWS = YES;
				GENERATE_INFOPLIST_FILE = YES;
				INFOPLIST_KEY_UIApplicationSceneManifest_Generation = YES;
				INFOPLIST_KEY_UIApplicationSupportsIndirectInputEvents = YES;
				INFOPLIST_KEY_UILaunchScreen_Generation = YES;
				INFOPLIST_KEY_UISupportedInterfaceOrientations_iPad = "UIInterfaceOrientationPortrait UIInterfaceOrientationPortraitUpsideDown UIInterfaceOrientationLandscapeLeft UIInterfaceOrientationLandscapeRight";
				INFOPLIST_KEY_UISupportedInterfaceOrientations_iPhone = "UIInterfaceOrientationPortrait UIInterfaceOrientationLandscapeLeft UIInterfaceOrientationLandscapeRight";
				LD_RUNPATH_SEARCH_PATHS = (
					"$(inherited)",
					"@executable_path/Frameworks",
				);
				MARKETING_VERSION = 1.0;
				PRODUCT_BUNDLE_IDENTIFIER = "com.GeDingUniverse.-SwiftUI-GraphQL";
				PRODUCT_NAME = "$(TARGET_NAME)";
				SWIFT_EMIT_LOC_STRINGS = YES;
				SWIFT_VERSION = 5.0;
				TARGETED_DEVICE_FAMILY = "1,2";
			};
			name = Release;
		};
/* End XCBuildConfiguration section */

/* Begin XCConfigurationList section */
		354837A12B069F3000866462 /* Build configuration list for PBXProject "[SwiftUI]GraphQL" */ = {
			isa = XCConfigurationList;
			buildConfigurations = (
				354837B22B069F3300866462 /* Debug */,
				354837B32B069F3300866462 /* Release */,
			);
			defaultConfigurationIsVisible = 0;
			defaultConfigurationName = Release;
		};
		354837B42B069F3300866462 /* Build configuration list for PBXNativeTarget "[SwiftUI]GraphQL" */ = {
			isa = XCConfigurationList;
			buildConfigurations = (
				354837B52B069F3300866462 /* Debug */,
				354837B62B069F3300866462 /* Release */,
			);
			defaultConfigurationIsVisible = 0;
			defaultConfigurationName = Release;
		};
/* End XCConfigurationList section */

/* Begin XCRemoteSwiftPackageReference section */
		354837B72B069F6100866462 /* XCRemoteSwiftPackageReference "apollo-ios" */ = {
			isa = XCRemoteSwiftPackageReference;
			repositoryURL = "https://github.com/apollographql/apollo-ios.git";
			requirement = {
				kind = upToNextMajorVersion;
				minimumVersion = 1.7.1;
			};
		};
/* End XCRemoteSwiftPackageReference section */

/* Begin XCSwiftPackageProductDependency section */
		354837B82B069F6100866462 /* Apollo */ = {
			isa = XCSwiftPackageProductDependency;
			package = 354837B72B069F6100866462 /* XCRemoteSwiftPackageReference "apollo-ios" */;
			productName = Apollo;
		};
		354837BC2B069F6100866462 /* ApolloAPI */ = {
			isa = XCSwiftPackageProductDependency;
			package = 354837B72B069F6100866462 /* XCRemoteSwiftPackageReference "apollo-ios" */;
			productName = ApolloAPI;
		};
		354837BE2B069F6100866462 /* ApolloSQLite */ = {
			isa = XCSwiftPackageProductDependency;
			package = 354837B72B069F6100866462 /* XCRemoteSwiftPackageReference "apollo-ios" */;
			productName = ApolloSQLite;
		};
		354837C02B069F6100866462 /* ApolloTestSupport */ = {
			isa = XCSwiftPackageProductDependency;
			package = 354837B72B069F6100866462 /* XCRemoteSwiftPackageReference "apollo-ios" */;
			productName = ApolloTestSupport;
		};
		354837C22B069F6100866462 /* ApolloWebSocket */ = {
			isa = XCSwiftPackageProductDependency;
			package = 354837B72B069F6100866462 /* XCRemoteSwiftPackageReference "apollo-ios" */;
			productName = ApolloWebSocket;
		};
/* End XCSwiftPackageProductDependency section */
	};
	rootObject = 3548379E2B069F3000866462 /* Project object */;
}
