// !$*UTF8*$!
{
	archiveVersion = 1;
	classes = {
	};
	objectVersion = 56;
	objects = {

/* Begin PBXBuildFile section */
		3508F4162A285CB3006A578F /* SwiftUI100DaysApp.swift in Sources */ = {isa = PBXBuildFile; fileRef = 3508F4152A285CB3006A578F /* SwiftUI100DaysApp.swift */; };
		3508F4182A285CB3006A578F /* ContentView.swift in Sources */ = {isa = PBXBuildFile; fileRef = 3508F4172A285CB3006A578F /* ContentView.swift */; };
		3508F41A2A285CB6006A578F /* Assets.xcassets in Resources */ = {isa = PBXBuildFile; fileRef = 3508F4192A285CB6006A578F /* Assets.xcassets */; };
		3508F41D2A285CB6006A578F /* Preview Assets.xcassets in Resources */ = {isa = PBXBuildFile; fileRef = 3508F41C2A285CB6006A578F /* Preview Assets.xcassets */; };
		3508F4272A285CB6006A578F /* SwiftUI100DaysTests.swift in Sources */ = {isa = PBXBuildFile; fileRef = 3508F4262A285CB6006A578F /* SwiftUI100DaysTests.swift */; };
		3508F4312A285CB6006A578F /* SwiftUI100DaysUITests.swift in Sources */ = {isa = PBXBuildFile; fileRef = 3508F4302A285CB6006A578F /* SwiftUI100DaysUITests.swift */; };
		3508F4332A285CB6006A578F /* SwiftUI100DaysUITestsLaunchTests.swift in Sources */ = {isa = PBXBuildFile; fileRef = 3508F4322A285CB6006A578F /* SwiftUI100DaysUITestsLaunchTests.swift */; };
/* End PBXBuildFile section */

/* Begin PBXContainerItemProxy section */
		3508F4232A285CB6006A578F /* PBXContainerItemProxy */ = {
			isa = PBXContainerItemProxy;
			containerPortal = 3508F40A2A285CB3006A578F /* Project object */;
			proxyType = 1;
			remoteGlobalIDString = 3508F4112A285CB3006A578F;
			remoteInfo = SwiftUI100Days;
		};
		3508F42D2A285CB6006A578F /* PBXContainerItemProxy */ = {
			isa = PBXContainerItemProxy;
			containerPortal = 3508F40A2A285CB3006A578F /* Project object */;
			proxyType = 1;
			remoteGlobalIDString = 3508F4112A285CB3006A578F;
			remoteInfo = SwiftUI100Days;
		};
/* End PBXContainerItemProxy section */

/* Begin PBXFileReference section */
		3508F4122A285CB3006A578F /* SwiftUI100Days.app */ = {isa = PBXFileReference; explicitFileType = wrapper.application; includeInIndex = 0; path = SwiftUI100Days.app; sourceTree = BUILT_PRODUCTS_DIR; };
		3508F4152A285CB3006A578F /* SwiftUI100DaysApp.swift */ = {isa = PBXFileReference; lastKnownFileType = sourcecode.swift; path = SwiftUI100DaysApp.swift; sourceTree = "<group>"; };
		3508F4172A285CB3006A578F /* ContentView.swift */ = {isa = PBXFileReference; lastKnownFileType = sourcecode.swift; path = ContentView.swift; sourceTree = "<group>"; };
		3508F4192A285CB6006A578F /* Assets.xcassets */ = {isa = PBXFileReference; lastKnownFileType = folder.assetcatalog; path = Assets.xcassets; sourceTree = "<group>"; };
		3508F41C2A285CB6006A578F /* Preview Assets.xcassets */ = {isa = PBXFileReference; lastKnownFileType = folder.assetcatalog; path = "Preview Assets.xcassets"; sourceTree = "<group>"; };
		3508F4222A285CB6006A578F /* SwiftUI100DaysTests.xctest */ = {isa = PBXFileReference; explicitFileType = wrapper.cfbundle; includeInIndex = 0; path = SwiftUI100DaysTests.xctest; sourceTree = BUILT_PRODUCTS_DIR; };
		3508F4262A285CB6006A578F /* SwiftUI100DaysTests.swift */ = {isa = PBXFileReference; lastKnownFileType = sourcecode.swift; path = SwiftUI100DaysTests.swift; sourceTree = "<group>"; };
		3508F42C2A285CB6006A578F /* SwiftUI100DaysUITests.xctest */ = {isa = PBXFileReference; explicitFileType = wrapper.cfbundle; includeInIndex = 0; path = SwiftUI100DaysUITests.xctest; sourceTree = BUILT_PRODUCTS_DIR; };
		3508F4302A285CB6006A578F /* SwiftUI100DaysUITests.swift */ = {isa = PBXFileReference; lastKnownFileType = sourcecode.swift; path = SwiftUI100DaysUITests.swift; sourceTree = "<group>"; };
		3508F4322A285CB6006A578F /* SwiftUI100DaysUITestsLaunchTests.swift */ = {isa = PBXFileReference; lastKnownFileType = sourcecode.swift; path = SwiftUI100DaysUITestsLaunchTests.swift; sourceTree = "<group>"; };
/* End PBXFileReference section */

/* Begin PBXFrameworksBuildPhase section */
		3508F40F2A285CB3006A578F /* Frameworks */ = {
			isa = PBXFrameworksBuildPhase;
			buildActionMask = 2147483647;
			files = (
			);
			runOnlyForDeploymentPostprocessing = 0;
		};
		3508F41F2A285CB6006A578F /* Frameworks */ = {
			isa = PBXFrameworksBuildPhase;
			buildActionMask = 2147483647;
			files = (
			);
			runOnlyForDeploymentPostprocessing = 0;
		};
		3508F4292A285CB6006A578F /* Frameworks */ = {
			isa = PBXFrameworksBuildPhase;
			buildActionMask = 2147483647;
			files = (
			);
			runOnlyForDeploymentPostprocessing = 0;
		};
/* End PBXFrameworksBuildPhase section */

/* Begin PBXGroup section */
		3508F4092A285CB3006A578F = {
			isa = PBXGroup;
			children = (
				3508F4142A285CB3006A578F /* SwiftUI100Days */,
				3508F4252A285CB6006A578F /* SwiftUI100DaysTests */,
				3508F42F2A285CB6006A578F /* SwiftUI100DaysUITests */,
				3508F4132A285CB3006A578F /* Products */,
			);
			sourceTree = "<group>";
		};
		3508F4132A285CB3006A578F /* Products */ = {
			isa = PBXGroup;
			children = (
				3508F4122A285CB3006A578F /* SwiftUI100Days.app */,
				3508F4222A285CB6006A578F /* SwiftUI100DaysTests.xctest */,
				3508F42C2A285CB6006A578F /* SwiftUI100DaysUITests.xctest */,
			);
			name = Products;
			sourceTree = "<group>";
		};
		3508F4142A285CB3006A578F /* SwiftUI100Days */ = {
			isa = PBXGroup;
			children = (
				3508F4152A285CB3006A578F /* SwiftUI100DaysApp.swift */,
				3508F4172A285CB3006A578F /* ContentView.swift */,
				3508F4192A285CB6006A578F /* Assets.xcassets */,
				3508F41B2A285CB6006A578F /* Preview Content */,
			);
			path = SwiftUI100Days;
			sourceTree = "<group>";
		};
		3508F41B2A285CB6006A578F /* Preview Content */ = {
			isa = PBXGroup;
			children = (
				3508F41C2A285CB6006A578F /* Preview Assets.xcassets */,
			);
			path = "Preview Content";
			sourceTree = "<group>";
		};
		3508F4252A285CB6006A578F /* SwiftUI100DaysTests */ = {
			isa = PBXGroup;
			children = (
				3508F4262A285CB6006A578F /* SwiftUI100DaysTests.swift */,
			);
			path = SwiftUI100DaysTests;
			sourceTree = "<group>";
		};
		3508F42F2A285CB6006A578F /* SwiftUI100DaysUITests */ = {
			isa = PBXGroup;
			children = (
				3508F4302A285CB6006A578F /* SwiftUI100DaysUITests.swift */,
				3508F4322A285CB6006A578F /* SwiftUI100DaysUITestsLaunchTests.swift */,
			);
			path = SwiftUI100DaysUITests;
			sourceTree = "<group>";
		};
/* End PBXGroup section */

/* Begin PBXNativeTarget section */
		3508F4112A285CB3006A578F /* SwiftUI100Days */ = {
			isa = PBXNativeTarget;
			buildConfigurationList = 3508F4362A285CB6006A578F /* Build configuration list for PBXNativeTarget "SwiftUI100Days" */;
			buildPhases = (
				3508F40E2A285CB3006A578F /* Sources */,
				3508F40F2A285CB3006A578F /* Frameworks */,
				3508F4102A285CB3006A578F /* Resources */,
			);
			buildRules = (
			);
			dependencies = (
			);
			name = SwiftUI100Days;
			productName = SwiftUI100Days;
			productReference = 3508F4122A285CB3006A578F /* SwiftUI100Days.app */;
			productType = "com.apple.product-type.application";
		};
		3508F4212A285CB6006A578F /* SwiftUI100DaysTests */ = {
			isa = PBXNativeTarget;
			buildConfigurationList = 3508F4392A285CB6006A578F /* Build configuration list for PBXNativeTarget "SwiftUI100DaysTests" */;
			buildPhases = (
				3508F41E2A285CB6006A578F /* Sources */,
				3508F41F2A285CB6006A578F /* Frameworks */,
				3508F4202A285CB6006A578F /* Resources */,
			);
			buildRules = (
			);
			dependencies = (
				3508F4242A285CB6006A578F /* PBXTargetDependency */,
			);
			name = SwiftUI100DaysTests;
			productName = SwiftUI100DaysTests;
			productReference = 3508F4222A285CB6006A578F /* SwiftUI100DaysTests.xctest */;
			productType = "com.apple.product-type.bundle.unit-test";
		};
		3508F42B2A285CB6006A578F /* SwiftUI100DaysUITests */ = {
			isa = PBXNativeTarget;
			buildConfigurationList = 3508F43C2A285CB6006A578F /* Build configuration list for PBXNativeTarget "SwiftUI100DaysUITests" */;
			buildPhases = (
				3508F4282A285CB6006A578F /* Sources */,
				3508F4292A285CB6006A578F /* Frameworks */,
				3508F42A2A285CB6006A578F /* Resources */,
			);
			buildRules = (
			);
			dependencies = (
				3508F42E2A285CB6006A578F /* PBXTargetDependency */,
			);
			name = SwiftUI100DaysUITests;
			productName = SwiftUI100DaysUITests;
			productReference = 3508F42C2A285CB6006A578F /* SwiftUI100DaysUITests.xctest */;
			productType = "com.apple.product-type.bundle.ui-testing";
		};
/* End PBXNativeTarget section */

/* Begin PBXProject section */
		3508F40A2A285CB3006A578F /* Project object */ = {
			isa = PBXProject;
			attributes = {
				BuildIndependentTargetsInParallel = 1;
				LastSwiftUpdateCheck = 1430;
				LastUpgradeCheck = 1430;
				TargetAttributes = {
					3508F4112A285CB3006A578F = {
						CreatedOnToolsVersion = 14.3;
					};
					3508F4212A285CB6006A578F = {
						CreatedOnToolsVersion = 14.3;
						TestTargetID = 3508F4112A285CB3006A578F;
					};
					3508F42B2A285CB6006A578F = {
						CreatedOnToolsVersion = 14.3;
						TestTargetID = 3508F4112A285CB3006A578F;
					};
				};
			};
			buildConfigurationList = 3508F40D2A285CB3006A578F /* Build configuration list for PBXProject "SwiftUI100Days" */;
			compatibilityVersion = "Xcode 14.0";
			developmentRegion = en;
			hasScannedForEncodings = 0;
			knownRegions = (
				en,
				Base,
			);
			mainGroup = 3508F4092A285CB3006A578F;
			productRefGroup = 3508F4132A285CB3006A578F /* Products */;
			projectDirPath = "";
			projectRoot = "";
			targets = (
				3508F4112A285CB3006A578F /* SwiftUI100Days */,
				3508F4212A285CB6006A578F /* SwiftUI100DaysTests */,
				3508F42B2A285CB6006A578F /* SwiftUI100DaysUITests */,
			);
		};
/* End PBXProject section */

/* Begin PBXResourcesBuildPhase section */
		3508F4102A285CB3006A578F /* Resources */ = {
			isa = PBXResourcesBuildPhase;
			buildActionMask = 2147483647;
			files = (
				3508F41D2A285CB6006A578F /* Preview Assets.xcassets in Resources */,
				3508F41A2A285CB6006A578F /* Assets.xcassets in Resources */,
			);
			runOnlyForDeploymentPostprocessing = 0;
		};
		3508F4202A285CB6006A578F /* Resources */ = {
			isa = PBXResourcesBuildPhase;
			buildActionMask = 2147483647;
			files = (
			);
			runOnlyForDeploymentPostprocessing = 0;
		};
		3508F42A2A285CB6006A578F /* Resources */ = {
			isa = PBXResourcesBuildPhase;
			buildActionMask = 2147483647;
			files = (
			);
			runOnlyForDeploymentPostprocessing = 0;
		};
/* End PBXResourcesBuildPhase section */

/* Begin PBXSourcesBuildPhase section */
		3508F40E2A285CB3006A578F /* Sources */ = {
			isa = PBXSourcesBuildPhase;
			buildActionMask = 2147483647;
			files = (
				3508F4182A285CB3006A578F /* ContentView.swift in Sources */,
				3508F4162A285CB3006A578F /* SwiftUI100DaysApp.swift in Sources */,
			);
			runOnlyForDeploymentPostprocessing = 0;
		};
		3508F41E2A285CB6006A578F /* Sources */ = {
			isa = PBXSourcesBuildPhase;
			buildActionMask = 2147483647;
			files = (
				3508F4272A285CB6006A578F /* SwiftUI100DaysTests.swift in Sources */,
			);
			runOnlyForDeploymentPostprocessing = 0;
		};
		3508F4282A285CB6006A578F /* Sources */ = {
			isa = PBXSourcesBuildPhase;
			buildActionMask = 2147483647;
			files = (
				3508F4312A285CB6006A578F /* SwiftUI100DaysUITests.swift in Sources */,
				3508F4332A285CB6006A578F /* SwiftUI100DaysUITestsLaunchTests.swift in Sources */,
			);
			runOnlyForDeploymentPostprocessing = 0;
		};
/* End PBXSourcesBuildPhase section */

/* Begin PBXTargetDependency section */
		3508F4242A285CB6006A578F /* PBXTargetDependency */ = {
			isa = PBXTargetDependency;
			target = 3508F4112A285CB3006A578F /* SwiftUI100Days */;
			targetProxy = 3508F4232A285CB6006A578F /* PBXContainerItemProxy */;
		};
		3508F42E2A285CB6006A578F /* PBXTargetDependency */ = {
			isa = PBXTargetDependency;
			target = 3508F4112A285CB3006A578F /* SwiftUI100Days */;
			targetProxy = 3508F42D2A285CB6006A578F /* PBXContainerItemProxy */;
		};
/* End PBXTargetDependency section */

/* Begin XCBuildConfiguration section */
		3508F4342A285CB6006A578F /* Debug */ = {
			isa = XCBuildConfiguration;
			buildSettings = {
				ALWAYS_SEARCH_USER_PATHS = NO;
				CLANG_ANALYZER_NONNULL = YES;
				CLANG_ANALYZER_NUMBER_OBJECT_CONVERSION = YES_AGGRESSIVE;
				CLANG_CXX_LANGUAGE_STANDARD = "gnu++20";
				CLANG_ENABLE_MODULES = YES;
				CLANG_ENABLE_OBJC_ARC = YES;
				CLANG_ENABLE_OBJC_WEAK = YES;
				CLANG_WARN_BLOCK_CAPTURE_AUTORELEASING = YES;
				CLANG_WARN_BOOL_CONVERSION = YES;
				CLANG_WARN_COMMA = YES;
				CLANG_WARN_CONSTANT_CONVERSION = YES;
				CLANG_WARN_DEPRECATED_OBJC_IMPLEMENTATIONS = YES;
				CLANG_WARN_DIRECT_OBJC_ISA_USAGE = YES_ERROR;
				CLANG_WARN_DOCUMENTATION_COMMENTS = YES;
				CLANG_WARN_EMPTY_BODY = YES;
				CLANG_WARN_ENUM_CONVERSION = YES;
				CLANG_WARN_INFINITE_RECURSION = YES;
				CLANG_WARN_INT_CONVERSION = YES;
				CLANG_WARN_NON_LITERAL_NULL_CONVERSION = YES;
				CLANG_WARN_OBJC_IMPLICIT_RETAIN_SELF = YES;
				CLANG_WARN_OBJC_LITERAL_CONVERSION = YES;
				CLANG_WARN_OBJC_ROOT_CLASS = YES_ERROR;
				CLANG_WARN_QUOTED_INCLUDE_IN_FRAMEWORK_HEADER = YES;
				CLANG_WARN_RANGE_LOOP_ANALYSIS = YES;
				CLANG_WARN_STRICT_PROTOTYPES = YES;
				CLANG_WARN_SUSPICIOUS_MOVE = YES;
				CLANG_WARN_UNGUARDED_AVAILABILITY = YES_AGGRESSIVE;
				CLANG_WARN_UNREACHABLE_CODE = YES;
				CLANG_WARN__DUPLICATE_METHOD_MATCH = YES;
				COPY_PHASE_STRIP = NO;
				DEBUG_INFORMATION_FORMAT = dwarf;
				ENABLE_STRICT_OBJC_MSGSEND = YES;
				ENABLE_TESTABILITY = YES;
				GCC_C_LANGUAGE_STANDARD = gnu11;
				GCC_DYNAMIC_NO_PIC = NO;
				GCC_NO_COMMON_BLOCKS = YES;
				GCC_OPTIMIZATION_LEVEL = 0;
				GCC_PREPROCESSOR_DEFINITIONS = (
					"DEBUG=1",
					"$(inherited)",
				);
				GCC_WARN_64_TO_32_BIT_CONVERSION = YES;
				GCC_WARN_ABOUT_RETURN_TYPE = YES_ERROR;
				GCC_WARN_UNDECLARED_SELECTOR = YES;
				GCC_WARN_UNINITIALIZED_AUTOS = YES_AGGRESSIVE;
				GCC_WARN_UNUSED_FUNCTION = YES;
				GCC_WARN_UNUSED_VARIABLE = YES;
				IPHONEOS_DEPLOYMENT_TARGET = 16.4;
				MTL_ENABLE_DEBUG_INFO = INCLUDE_SOURCE;
				MTL_FAST_MATH = YES;
				ONLY_ACTIVE_ARCH = YES;
				SDKROOT = iphoneos;
				SWIFT_ACTIVE_COMPILATION_CONDITIONS = DEBUG;
				SWIFT_OPTIMIZATION_LEVEL = "-Onone";
			};
			name = Debug;
		};
		3508F4352A285CB6006A578F /* Release */ = {
			isa = XCBuildConfiguration;
			buildSettings = {
				ALWAYS_SEARCH_USER_PATHS = NO;
				CLANG_ANALYZER_NONNULL = YES;
				CLANG_ANALYZER_NUMBER_OBJECT_CONVERSION = YES_AGGRESSIVE;
				CLANG_CXX_LANGUAGE_STANDARD = "gnu++20";
				CLANG_ENABLE_MODULES = YES;
				CLANG_ENABLE_OBJC_ARC = YES;
				CLANG_ENABLE_OBJC_WEAK = YES;
				CLANG_WARN_BLOCK_CAPTURE_AUTORELEASING = YES;
				CLANG_WARN_BOOL_CONVERSION = YES;
				CLANG_WARN_COMMA = YES;
				CLANG_WARN_CONSTANT_CONVERSION = YES;
				CLANG_WARN_DEPRECATED_OBJC_IMPLEMENTATIONS = YES;
				CLANG_WARN_DIRECT_OBJC_ISA_USAGE = YES_ERROR;
				CLANG_WARN_DOCUMENTATION_COMMENTS = YES;
				CLANG_WARN_EMPTY_BODY = YES;
				CLANG_WARN_ENUM_CONVERSION = YES;
				CLANG_WARN_INFINITE_RECURSION = YES;
				CLANG_WARN_INT_CONVERSION = YES;
				CLANG_WARN_NON_LITERAL_NULL_CONVERSION = YES;
				CLANG_WARN_OBJC_IMPLICIT_RETAIN_SELF = YES;
				CLANG_WARN_OBJC_LITERAL_CONVERSION = YES;
				CLANG_WARN_OBJC_ROOT_CLASS = YES_ERROR;
				CLANG_WARN_QUOTED_INCLUDE_IN_FRAMEWORK_HEADER = YES;
				CLANG_WARN_RANGE_LOOP_ANALYSIS = YES;
				CLANG_WARN_STRICT_PROTOTYPES = YES;
				CLANG_WARN_SUSPICIOUS_MOVE = YES;
				CLANG_WARN_UNGUARDED_AVAILABILITY = YES_AGGRESSIVE;
				CLANG_WARN_UNREACHABLE_CODE = YES;
				CLANG_WARN__DUPLICATE_METHOD_MATCH = YES;
				COPY_PHASE_STRIP = NO;
				DEBUG_INFORMATION_FORMAT = "dwarf-with-dsym";
				ENABLE_NS_ASSERTIONS = NO;
				ENABLE_STRICT_OBJC_MSGSEND = YES;
				GCC_C_LANGUAGE_STANDARD = gnu11;
				GCC_NO_COMMON_BLOCKS = YES;
				GCC_WARN_64_TO_32_BIT_CONVERSION = YES;
				GCC_WARN_ABOUT_RETURN_TYPE = YES_ERROR;
				GCC_WARN_UNDECLARED_SELECTOR = YES;
				GCC_WARN_UNINITIALIZED_AUTOS = YES_AGGRESSIVE;
				GCC_WARN_UNUSED_FUNCTION = YES;
				GCC_WARN_UNUSED_VARIABLE = YES;
				IPHONEOS_DEPLOYMENT_TARGET = 16.4;
				MTL_ENABLE_DEBUG_INFO = NO;
				MTL_FAST_MATH = YES;
				SDKROOT = iphoneos;
				SWIFT_COMPILATION_MODE = wholemodule;
				SWIFT_OPTIMIZATION_LEVEL = "-O";
				VALIDATE_PRODUCT = YES;
			};
			name = Release;
		};
		3508F4372A285CB6006A578F /* Debug */ = {
			isa = XCBuildConfiguration;
			buildSettings = {
				ASSETCATALOG_COMPILER_APPICON_NAME = AppIcon;
				ASSETCATALOG_COMPILER_GLOBAL_ACCENT_COLOR_NAME = AccentColor;
				CODE_SIGN_STYLE = Automatic;
				CURRENT_PROJECT_VERSION = 1;
				DEVELOPMENT_ASSET_PATHS = "\"SwiftUI100Days/Preview Content\"";
				DEVELOPMENT_TEAM = KSY72YVT4X;
				ENABLE_PREVIEWS = YES;
				GENERATE_INFOPLIST_FILE = YES;
				INFOPLIST_KEY_UIApplicationSceneManifest_Generation = YES;
				INFOPLIST_KEY_UIApplicationSupportsIndirectInputEvents = YES;
				INFOPLIST_KEY_UILaunchScreen_Generation = YES;
				INFOPLIST_KEY_UISupportedInterfaceOrientations_iPad = "UIInterfaceOrientationPortrait UIInterfaceOrientationPortraitUpsideDown UIInterfaceOrientationLandscapeLeft UIInterfaceOrientationLandscapeRight";
				INFOPLIST_KEY_UISupportedInterfaceOrientations_iPhone = "UIInterfaceOrientationPortrait UIInterfaceOrientationLandscapeLeft UIInterfaceOrientationLandscapeRight";
				LD_RUNPATH_SEARCH_PATHS = (
					"$(inherited)",
					"@executable_path/Frameworks",
				);
				MARKETING_VERSION = 1.0;
				PRODUCT_BUNDLE_IDENTIFIER = com.GeDingInPerson.SwiftUI100Days;
				PRODUCT_NAME = "$(TARGET_NAME)";
				SWIFT_EMIT_LOC_STRINGS = YES;
				SWIFT_VERSION = 5.0;
				TARGETED_DEVICE_FAMILY = "1,2";
			};
			name = Debug;
		};
		3508F4382A285CB6006A578F /* Release */ = {
			isa = XCBuildConfiguration;
			buildSettings = {
				ASSETCATALOG_COMPILER_APPICON_NAME = AppIcon;
				ASSETCATALOG_COMPILER_GLOBAL_ACCENT_COLOR_NAME = AccentColor;
				CODE_SIGN_STYLE = Automatic;
				CURRENT_PROJECT_VERSION = 1;
				DEVELOPMENT_ASSET_PATHS = "\"SwiftUI100Days/Preview Content\"";
				DEVELOPMENT_TEAM = KSY72YVT4X;
				ENABLE_PREVIEWS = YES;
				GENERATE_INFOPLIST_FILE = YES;
				INFOPLIST_KEY_UIApplicationSceneManifest_Generation = YES;
				INFOPLIST_KEY_UIApplicationSupportsIndirectInputEvents = YES;
				INFOPLIST_KEY_UILaunchScreen_Generation = YES;
				INFOPLIST_KEY_UISupportedInterfaceOrientations_iPad = "UIInterfaceOrientationPortrait UIInterfaceOrientationPortraitUpsideDown UIInterfaceOrientationLandscapeLeft UIInterfaceOrientationLandscapeRight";
				INFOPLIST_KEY_UISupportedInterfaceOrientations_iPhone = "UIInterfaceOrientationPortrait UIInterfaceOrientationLandscapeLeft UIInterfaceOrientationLandscapeRight";
				LD_RUNPATH_SEARCH_PATHS = (
					"$(inherited)",
					"@executable_path/Frameworks",
				);
				MARKETING_VERSION = 1.0;
				PRODUCT_BUNDLE_IDENTIFIER = com.GeDingInPerson.SwiftUI100Days;
				PRODUCT_NAME = "$(TARGET_NAME)";
				SWIFT_EMIT_LOC_STRINGS = YES;
				SWIFT_VERSION = 5.0;
				TARGETED_DEVICE_FAMILY = "1,2";
			};
			name = Release;
		};
		3508F43A2A285CB6006A578F /* Debug */ = {
			isa = XCBuildConfiguration;
			buildSettings = {
				ALWAYS_EMBED_SWIFT_STANDARD_LIBRARIES = YES;
				BUNDLE_LOADER = "$(TEST_HOST)";
				CODE_SIGN_STYLE = Automatic;
				CURRENT_PROJECT_VERSION = 1;
				DEVELOPMENT_TEAM = KSY72YVT4X;
				GENERATE_INFOPLIST_FILE = YES;
				IPHONEOS_DEPLOYMENT_TARGET = 16.4;
				MARKETING_VERSION = 1.0;
				PRODUCT_BUNDLE_IDENTIFIER = com.GeDingInPerson.SwiftUI100DaysTests;
				PRODUCT_NAME = "$(TARGET_NAME)";
				SWIFT_EMIT_LOC_STRINGS = NO;
				SWIFT_VERSION = 5.0;
				TARGETED_DEVICE_FAMILY = "1,2";
				TEST_HOST = "$(BUILT_PRODUCTS_DIR)/SwiftUI100Days.app/$(BUNDLE_EXECUTABLE_FOLDER_PATH)/SwiftUI100Days";
			};
			name = Debug;
		};
		3508F43B2A285CB6006A578F /* Release */ = {
			isa = XCBuildConfiguration;
			buildSettings = {
				ALWAYS_EMBED_SWIFT_STANDARD_LIBRARIES = YES;
				BUNDLE_LOADER = "$(TEST_HOST)";
				CODE_SIGN_STYLE = Automatic;
				CURRENT_PROJECT_VERSION = 1;
				DEVELOPMENT_TEAM = KSY72YVT4X;
				GENERATE_INFOPLIST_FILE = YES;
				IPHONEOS_DEPLOYMENT_TARGET = 16.4;
				MARKETING_VERSION = 1.0;
				PRODUCT_BUNDLE_IDENTIFIER = com.GeDingInPerson.SwiftUI100DaysTests;
				PRODUCT_NAME = "$(TARGET_NAME)";
				SWIFT_EMIT_LOC_STRINGS = NO;
				SWIFT_VERSION = 5.0;
				TARGETED_DEVICE_FAMILY = "1,2";
				TEST_HOST = "$(BUILT_PRODUCTS_DIR)/SwiftUI100Days.app/$(BUNDLE_EXECUTABLE_FOLDER_PATH)/SwiftUI100Days";
			};
			name = Release;
		};
		3508F43D2A285CB6006A578F /* Debug */ = {
			isa = XCBuildConfiguration;
			buildSettings = {
				ALWAYS_EMBED_SWIFT_STANDARD_LIBRARIES = YES;
				CODE_SIGN_STYLE = Automatic;
				CURRENT_PROJECT_VERSION = 1;
				DEVELOPMENT_TEAM = KSY72YVT4X;
				GENERATE_INFOPLIST_FILE = YES;
				MARKETING_VERSION = 1.0;
				PRODUCT_BUNDLE_IDENTIFIER = com.GeDingInPerson.SwiftUI100DaysUITests;
				PRODUCT_NAME = "$(TARGET_NAME)";
				SWIFT_EMIT_LOC_STRINGS = NO;
				SWIFT_VERSION = 5.0;
				TARGETED_DEVICE_FAMILY = "1,2";
				TEST_TARGET_NAME = SwiftUI100Days;
			};
			name = Debug;
		};
		3508F43E2A285CB6006A578F /* Release */ = {
			isa = XCBuildConfiguration;
			buildSettings = {
				ALWAYS_EMBED_SWIFT_STANDARD_LIBRARIES = YES;
				CODE_SIGN_STYLE = Automatic;
				CURRENT_PROJECT_VERSION = 1;
				DEVELOPMENT_TEAM = KSY72YVT4X;
				GENERATE_INFOPLIST_FILE = YES;
				MARKETING_VERSION = 1.0;
				PRODUCT_BUNDLE_IDENTIFIER = com.GeDingInPerson.SwiftUI100DaysUITests;
				PRODUCT_NAME = "$(TARGET_NAME)";
				SWIFT_EMIT_LOC_STRINGS = NO;
				SWIFT_VERSION = 5.0;
				TARGETED_DEVICE_FAMILY = "1,2";
				TEST_TARGET_NAME = SwiftUI100Days;
			};
			name = Release;
		};
/* End XCBuildConfiguration section */

/* Begin XCConfigurationList section */
		3508F40D2A285CB3006A578F /* Build configuration list for PBXProject "SwiftUI100Days" */ = {
			isa = XCConfigurationList;
			buildConfigurations = (
				3508F4342A285CB6006A578F /* Debug */,
				3508F4352A285CB6006A578F /* Release */,
			);
			defaultConfigurationIsVisible = 0;
			defaultConfigurationName = Release;
		};
		3508F4362A285CB6006A578F /* Build configuration list for PBXNativeTarget "SwiftUI100Days" */ = {
			isa = XCConfigurationList;
			buildConfigurations = (
				3508F4372A285CB6006A578F /* Debug */,
				3508F4382A285CB6006A578F /* Release */,
			);
			defaultConfigurationIsVisible = 0;
			defaultConfigurationName = Release;
		};
		3508F4392A285CB6006A578F /* Build configuration list for PBXNativeTarget "SwiftUI100DaysTests" */ = {
			isa = XCConfigurationList;
			buildConfigurations = (
				3508F43A2A285CB6006A578F /* Debug */,
				3508F43B2A285CB6006A578F /* Release */,
			);
			defaultConfigurationIsVisible = 0;
			defaultConfigurationName = Release;
		};
		3508F43C2A285CB6006A578F /* Build configuration list for PBXNativeTarget "SwiftUI100DaysUITests" */ = {
			isa = XCConfigurationList;
			buildConfigurations = (
				3508F43D2A285CB6006A578F /* Debug */,
				3508F43E2A285CB6006A578F /* Release */,
			);
			defaultConfigurationIsVisible = 0;
			defaultConfigurationName = Release;
		};
/* End XCConfigurationList section */
	};
	rootObject = 3508F40A2A285CB3006A578F /* Project object */;
}
