// !$*UTF8*$!
{
	archiveVersion = 1;
	classes = {
	};
	objectVersion = 56;
	objects = {

/* Begin PBXBuildFile section */
		35DAF6FF29DE2A2900E28486 /* AppDelegate.swift in Sources */ = {isa = PBXBuildFile; fileRef = 35DAF6FE29DE2A2900E28486 /* AppDelegate.swift */; };
		35DAF70129DE2A2900E28486 /* SceneDelegate.swift in Sources */ = {isa = PBXBuildFile; fileRef = 35DAF70029DE2A2900E28486 /* SceneDelegate.swift */; };
		35DAF70329DE2A2900E28486 /* ViewController.swift in Sources */ = {isa = PBXBuildFile; fileRef = 35DAF70229DE2A2900E28486 /* ViewController.swift */; };
		35DAF70629DE2A2900E28486 /* Main.storyboard in Resources */ = {isa = PBXBuildFile; fileRef = 35DAF70429DE2A2900E28486 /* Main.storyboard */; };
		35DAF70829DE2A2B00E28486 /* Assets.xcassets in Resources */ = {isa = PBXBuildFile; fileRef = 35DAF70729DE2A2B00E28486 /* Assets.xcassets */; };
		35DAF70B29DE2A2B00E28486 /* LaunchScreen.storyboard in Resources */ = {isa = PBXBuildFile; fileRef = 35DAF70929DE2A2B00E28486 /* LaunchScreen.storyboard */; };
		35DAF71429DE2FDD00E28486 /* NotificationViewModel.swift in Sources */ = {isa = PBXBuildFile; fileRef = 35DAF71329DE2FDD00E28486 /* NotificationViewModel.swift */; };
/* End PBXBuildFile section */

/* Begin PBXFileReference section */
		35DAF6FB29DE2A2900E28486 /* Future & Deffered.app */ = {isa = PBXFileReference; explicitFileType = wrapper.application; includeInIndex = 0; path = "Future & Deffered.app"; sourceTree = BUILT_PRODUCTS_DIR; };
		35DAF6FE29DE2A2900E28486 /* AppDelegate.swift */ = {isa = PBXFileReference; lastKnownFileType = sourcecode.swift; path = AppDelegate.swift; sourceTree = "<group>"; };
		35DAF70029DE2A2900E28486 /* SceneDelegate.swift */ = {isa = PBXFileReference; lastKnownFileType = sourcecode.swift; path = SceneDelegate.swift; sourceTree = "<group>"; };
		35DAF70229DE2A2900E28486 /* ViewController.swift */ = {isa = PBXFileReference; lastKnownFileType = sourcecode.swift; path = ViewController.swift; sourceTree = "<group>"; };
		35DAF70529DE2A2900E28486 /* Base */ = {isa = PBXFileReference; lastKnownFileType = file.storyboard; name = Base; path = Base.lproj/Main.storyboard; sourceTree = "<group>"; };
		35DAF70729DE2A2B00E28486 /* Assets.xcassets */ = {isa = PBXFileReference; lastKnownFileType = folder.assetcatalog; path = Assets.xcassets; sourceTree = "<group>"; };
		35DAF70A29DE2A2B00E28486 /* Base */ = {isa = PBXFileReference; lastKnownFileType = file.storyboard; name = Base; path = Base.lproj/LaunchScreen.storyboard; sourceTree = "<group>"; };
		35DAF70C29DE2A2B00E28486 /* Info.plist */ = {isa = PBXFileReference; lastKnownFileType = text.plist.xml; path = Info.plist; sourceTree = "<group>"; };
		35DAF71329DE2FDD00E28486 /* NotificationViewModel.swift */ = {isa = PBXFileReference; lastKnownFileType = sourcecode.swift; path = NotificationViewModel.swift; sourceTree = "<group>"; };
/* End PBXFileReference section */

/* Begin PBXFrameworksBuildPhase section */
		35DAF6F829DE2A2900E28486 /* Frameworks */ = {
			isa = PBXFrameworksBuildPhase;
			buildActionMask = 2147483647;
			files = (
			);
			runOnlyForDeploymentPostprocessing = 0;
		};
/* End PBXFrameworksBuildPhase section */

/* Begin PBXGroup section */
		35DAF6F229DE2A2900E28486 = {
			isa = PBXGroup;
			children = (
				35DAF6FD29DE2A2900E28486 /* Future & Deffered */,
				35DAF6FC29DE2A2900E28486 /* Products */,
			);
			sourceTree = "<group>";
		};
		35DAF6FC29DE2A2900E28486 /* Products */ = {
			isa = PBXGroup;
			children = (
				35DAF6FB29DE2A2900E28486 /* Future & Deffered.app */,
			);
			name = Products;
			sourceTree = "<group>";
		};
		35DAF6FD29DE2A2900E28486 /* Future & Deffered */ = {
			isa = PBXGroup;
			children = (
				35DAF71229DE2FBE00E28486 /* View Model */,
				35DAF6FE29DE2A2900E28486 /* AppDelegate.swift */,
				35DAF70029DE2A2900E28486 /* SceneDelegate.swift */,
				35DAF70229DE2A2900E28486 /* ViewController.swift */,
				35DAF70429DE2A2900E28486 /* Main.storyboard */,
				35DAF70729DE2A2B00E28486 /* Assets.xcassets */,
				35DAF70929DE2A2B00E28486 /* LaunchScreen.storyboard */,
				35DAF70C29DE2A2B00E28486 /* Info.plist */,
			);
			path = "Future & Deffered";
			sourceTree = "<group>";
		};
		35DAF71229DE2FBE00E28486 /* View Model */ = {
			isa = PBXGroup;
			children = (
				35DAF71329DE2FDD00E28486 /* NotificationViewModel.swift */,
			);
			path = "View Model";
			sourceTree = "<group>";
		};
/* End PBXGroup section */

/* Begin PBXNativeTarget section */
		35DAF6FA29DE2A2900E28486 /* Future & Deffered */ = {
			isa = PBXNativeTarget;
			buildConfigurationList = 35DAF70F29DE2A2B00E28486 /* Build configuration list for PBXNativeTarget "Future & Deffered" */;
			buildPhases = (
				35DAF6F729DE2A2900E28486 /* Sources */,
				35DAF6F829DE2A2900E28486 /* Frameworks */,
				35DAF6F929DE2A2900E28486 /* Resources */,
			);
			buildRules = (
			);
			dependencies = (
			);
			name = "Future & Deffered";
			productName = "Future & Deffered";
			productReference = 35DAF6FB29DE2A2900E28486 /* Future & Deffered.app */;
			productType = "com.apple.product-type.application";
		};
/* End PBXNativeTarget section */

/* Begin PBXProject section */
		35DAF6F329DE2A2900E28486 /* Project object */ = {
			isa = PBXProject;
			attributes = {
				BuildIndependentTargetsInParallel = 1;
				LastSwiftUpdateCheck = 1430;
				LastUpgradeCheck = 1430;
				TargetAttributes = {
					35DAF6FA29DE2A2900E28486 = {
						CreatedOnToolsVersion = 14.3;
					};
				};
			};
			buildConfigurationList = 35DAF6F629DE2A2900E28486 /* Build configuration list for PBXProject "Future & Deffered" */;
			compatibilityVersion = "Xcode 14.0";
			developmentRegion = en;
			hasScannedForEncodings = 0;
			knownRegions = (
				en,
				Base,
			);
			mainGroup = 35DAF6F229DE2A2900E28486;
			productRefGroup = 35DAF6FC29DE2A2900E28486 /* Products */;
			projectDirPath = "";
			projectRoot = "";
			targets = (
				35DAF6FA29DE2A2900E28486 /* Future & Deffered */,
			);
		};
/* End PBXProject section */

/* Begin PBXResourcesBuildPhase section */
		35DAF6F929DE2A2900E28486 /* Resources */ = {
			isa = PBXResourcesBuildPhase;
			buildActionMask = 2147483647;
			files = (
				35DAF70B29DE2A2B00E28486 /* LaunchScreen.storyboard in Resources */,
				35DAF70829DE2A2B00E28486 /* Assets.xcassets in Resources */,
				35DAF70629DE2A2900E28486 /* Main.storyboard in Resources */,
			);
			runOnlyForDeploymentPostprocessing = 0;
		};
/* End PBXResourcesBuildPhase section */

/* Begin PBXSourcesBuildPhase section */
		35DAF6F729DE2A2900E28486 /* Sources */ = {
			isa = PBXSourcesBuildPhase;
			buildActionMask = 2147483647;
			files = (
				35DAF70329DE2A2900E28486 /* ViewController.swift in Sources */,
				35DAF71429DE2FDD00E28486 /* NotificationViewModel.swift in Sources */,
				35DAF6FF29DE2A2900E28486 /* AppDelegate.swift in Sources */,
				35DAF70129DE2A2900E28486 /* SceneDelegate.swift in Sources */,
			);
			runOnlyForDeploymentPostprocessing = 0;
		};
/* End PBXSourcesBuildPhase section */

/* Begin PBXVariantGroup section */
		35DAF70429DE2A2900E28486 /* Main.storyboard */ = {
			isa = PBXVariantGroup;
			children = (
				35DAF70529DE2A2900E28486 /* Base */,
			);
			name = Main.storyboard;
			sourceTree = "<group>";
		};
		35DAF70929DE2A2B00E28486 /* LaunchScreen.storyboard */ = {
			isa = PBXVariantGroup;
			children = (
				35DAF70A29DE2A2B00E28486 /* Base */,
			);
			name = LaunchScreen.storyboard;
			sourceTree = "<group>";
		};
/* End PBXVariantGroup section */

/* Begin XCBuildConfiguration section */
		35DAF70D29DE2A2B00E28486 /* Debug */ = {
			isa = XCBuildConfiguration;
			buildSettings = {
				ALWAYS_SEARCH_USER_PATHS = NO;
				CLANG_ANALYZER_NONNULL = YES;
				CLANG_ANALYZER_NUMBER_OBJECT_CONVERSION = YES_AGGRESSIVE;
				CLANG_CXX_LANGUAGE_STANDARD = "gnu++20";
				CLANG_ENABLE_MODULES = YES;
				CLANG_ENABLE_OBJC_ARC = YES;
				CLANG_ENABLE_OBJC_WEAK = YES;
				CLANG_WARN_BLOCK_CAPTURE_AUTORELEASING = YES;
				CLANG_WARN_BOOL_CONVERSION = YES;
				CLANG_WARN_COMMA = YES;
				CLANG_WARN_CONSTANT_CONVERSION = YES;
				CLANG_WARN_DEPRECATED_OBJC_IMPLEMENTATIONS = YES;
				CLANG_WARN_DIRECT_OBJC_ISA_USAGE = YES_ERROR;
				CLANG_WARN_DOCUMENTATION_COMMENTS = YES;
				CLANG_WARN_EMPTY_BODY = YES;
				CLANG_WARN_ENUM_CONVERSION = YES;
				CLANG_WARN_INFINITE_RECURSION = YES;
				CLANG_WARN_INT_CONVERSION = YES;
				CLANG_WARN_NON_LITERAL_NULL_CONVERSION = YES;
				CLANG_WARN_OBJC_IMPLICIT_RETAIN_SELF = YES;
				CLANG_WARN_OBJC_LITERAL_CONVERSION = YES;
				CLANG_WARN_OBJC_ROOT_CLASS = YES_ERROR;
				CLANG_WARN_QUOTED_INCLUDE_IN_FRAMEWORK_HEADER = YES;
				CLANG_WARN_RANGE_LOOP_ANALYSIS = YES;
				CLANG_WARN_STRICT_PROTOTYPES = YES;
				CLANG_WARN_SUSPICIOUS_MOVE = YES;
				CLANG_WARN_UNGUARDED_AVAILABILITY = YES_AGGRESSIVE;
				CLANG_WARN_UNREACHABLE_CODE = YES;
				CLANG_WARN__DUPLICATE_METHOD_MATCH = YES;
				COPY_PHASE_STRIP = NO;
				DEBUG_INFORMATION_FORMAT = dwarf;
				ENABLE_STRICT_OBJC_MSGSEND = YES;
				ENABLE_TESTABILITY = YES;
				GCC_C_LANGUAGE_STANDARD = gnu11;
				GCC_DYNAMIC_NO_PIC = NO;
				GCC_NO_COMMON_BLOCKS = YES;
				GCC_OPTIMIZATION_LEVEL = 0;
				GCC_PREPROCESSOR_DEFINITIONS = (
					"DEBUG=1",
					"$(inherited)",
				);
				GCC_WARN_64_TO_32_BIT_CONVERSION = YES;
				GCC_WARN_ABOUT_RETURN_TYPE = YES_ERROR;
				GCC_WARN_UNDECLARED_SELECTOR = YES;
				GCC_WARN_UNINITIALIZED_AUTOS = YES_AGGRESSIVE;
				GCC_WARN_UNUSED_FUNCTION = YES;
				GCC_WARN_UNUSED_VARIABLE = YES;
				IPHONEOS_DEPLOYMENT_TARGET = 16.4;
				MTL_ENABLE_DEBUG_INFO = INCLUDE_SOURCE;
				MTL_FAST_MATH = YES;
				ONLY_ACTIVE_ARCH = YES;
				SDKROOT = iphoneos;
				SWIFT_ACTIVE_COMPILATION_CONDITIONS = DEBUG;
				SWIFT_OPTIMIZATION_LEVEL = "-Onone";
			};
			name = Debug;
		};
		35DAF70E29DE2A2B00E28486 /* Release */ = {
			isa = XCBuildConfiguration;
			buildSettings = {
				ALWAYS_SEARCH_USER_PATHS = NO;
				CLANG_ANALYZER_NONNULL = YES;
				CLANG_ANALYZER_NUMBER_OBJECT_CONVERSION = YES_AGGRESSIVE;
				CLANG_CXX_LANGUAGE_STANDARD = "gnu++20";
				CLANG_ENABLE_MODULES = YES;
				CLANG_ENABLE_OBJC_ARC = YES;
				CLANG_ENABLE_OBJC_WEAK = YES;
				CLANG_WARN_BLOCK_CAPTURE_AUTORELEASING = YES;
				CLANG_WARN_BOOL_CONVERSION = YES;
				CLANG_WARN_COMMA = YES;
				CLANG_WARN_CONSTANT_CONVERSION = YES;
				CLANG_WARN_DEPRECATED_OBJC_IMPLEMENTATIONS = YES;
				CLANG_WARN_DIRECT_OBJC_ISA_USAGE = YES_ERROR;
				CLANG_WARN_DOCUMENTATION_COMMENTS = YES;
				CLANG_WARN_EMPTY_BODY = YES;
				CLANG_WARN_ENUM_CONVERSION = YES;
				CLANG_WARN_INFINITE_RECURSION = YES;
				CLANG_WARN_INT_CONVERSION = YES;
				CLANG_WARN_NON_LITERAL_NULL_CONVERSION = YES;
				CLANG_WARN_OBJC_IMPLICIT_RETAIN_SELF = YES;
				CLANG_WARN_OBJC_LITERAL_CONVERSION = YES;
				CLANG_WARN_OBJC_ROOT_CLASS = YES_ERROR;
				CLANG_WARN_QUOTED_INCLUDE_IN_FRAMEWORK_HEADER = YES;
				CLANG_WARN_RANGE_LOOP_ANALYSIS = YES;
				CLANG_WARN_STRICT_PROTOTYPES = YES;
				CLANG_WARN_SUSPICIOUS_MOVE = YES;
				CLANG_WARN_UNGUARDED_AVAILABILITY = YES_AGGRESSIVE;
				CLANG_WARN_UNREACHABLE_CODE = YES;
				CLANG_WARN__DUPLICATE_METHOD_MATCH = YES;
				COPY_PHASE_STRIP = NO;
				DEBUG_INFORMATION_FORMAT = "dwarf-with-dsym";
				ENABLE_NS_ASSERTIONS = NO;
				ENABLE_STRICT_OBJC_MSGSEND = YES;
				GCC_C_LANGUAGE_STANDARD = gnu11;
				GCC_NO_COMMON_BLOCKS = YES;
				GCC_WARN_64_TO_32_BIT_CONVERSION = YES;
				GCC_WARN_ABOUT_RETURN_TYPE = YES_ERROR;
				GCC_WARN_UNDECLARED_SELECTOR = YES;
				GCC_WARN_UNINITIALIZED_AUTOS = YES_AGGRESSIVE;
				GCC_WARN_UNUSED_FUNCTION = YES;
				GCC_WARN_UNUSED_VARIABLE = YES;
				IPHONEOS_DEPLOYMENT_TARGET = 16.4;
				MTL_ENABLE_DEBUG_INFO = NO;
				MTL_FAST_MATH = YES;
				SDKROOT = iphoneos;
				SWIFT_COMPILATION_MODE = wholemodule;
				SWIFT_OPTIMIZATION_LEVEL = "-O";
				VALIDATE_PRODUCT = YES;
			};
			name = Release;
		};
		35DAF71029DE2A2B00E28486 /* Debug */ = {
			isa = XCBuildConfiguration;
			buildSettings = {
				ASSETCATALOG_COMPILER_APPICON_NAME = AppIcon;
				ASSETCATALOG_COMPILER_GLOBAL_ACCENT_COLOR_NAME = AccentColor;
				CODE_SIGN_STYLE = Automatic;
				CURRENT_PROJECT_VERSION = 1;
				DEVELOPMENT_TEAM = KSY72YVT4X;
				GENERATE_INFOPLIST_FILE = YES;
				INFOPLIST_FILE = "Future & Deffered/Info.plist";
				INFOPLIST_KEY_UIApplicationSupportsIndirectInputEvents = YES;
				INFOPLIST_KEY_UILaunchStoryboardName = LaunchScreen;
				INFOPLIST_KEY_UIMainStoryboardFile = Main;
				INFOPLIST_KEY_UISupportedInterfaceOrientations_iPad = "UIInterfaceOrientationPortrait UIInterfaceOrientationPortraitUpsideDown UIInterfaceOrientationLandscapeLeft UIInterfaceOrientationLandscapeRight";
				INFOPLIST_KEY_UISupportedInterfaceOrientations_iPhone = "UIInterfaceOrientationPortrait UIInterfaceOrientationLandscapeLeft UIInterfaceOrientationLandscapeRight";
				LD_RUNPATH_SEARCH_PATHS = (
					"$(inherited)",
					"@executable_path/Frameworks",
				);
				MARKETING_VERSION = 1.0;
				PRODUCT_BUNDLE_IDENTIFIER = "com.GeDingInPerson.Future---Deffered";
				PRODUCT_NAME = "$(TARGET_NAME)";
				SWIFT_EMIT_LOC_STRINGS = YES;
				SWIFT_VERSION = 5.0;
				TARGETED_DEVICE_FAMILY = "1,2";
			};
			name = Debug;
		};
		35DAF71129DE2A2B00E28486 /* Release */ = {
			isa = XCBuildConfiguration;
			buildSettings = {
				ASSETCATALOG_COMPILER_APPICON_NAME = AppIcon;
				ASSETCATALOG_COMPILER_GLOBAL_ACCENT_COLOR_NAME = AccentColor;
				CODE_SIGN_STYLE = Automatic;
				CURRENT_PROJECT_VERSION = 1;
				DEVELOPMENT_TEAM = KSY72YVT4X;
				GENERATE_INFOPLIST_FILE = YES;
				INFOPLIST_FILE = "Future & Deffered/Info.plist";
				INFOPLIST_KEY_UIApplicationSupportsIndirectInputEvents = YES;
				INFOPLIST_KEY_UILaunchStoryboardName = LaunchScreen;
				INFOPLIST_KEY_UIMainStoryboardFile = Main;
				INFOPLIST_KEY_UISupportedInterfaceOrientations_iPad = "UIInterfaceOrientationPortrait UIInterfaceOrientationPortraitUpsideDown UIInterfaceOrientationLandscapeLeft UIInterfaceOrientationLandscapeRight";
				INFOPLIST_KEY_UISupportedInterfaceOrientations_iPhone = "UIInterfaceOrientationPortrait UIInterfaceOrientationLandscapeLeft UIInterfaceOrientationLandscapeRight";
				LD_RUNPATH_SEARCH_PATHS = (
					"$(inherited)",
					"@executable_path/Frameworks",
				);
				MARKETING_VERSION = 1.0;
				PRODUCT_BUNDLE_IDENTIFIER = "com.GeDingInPerson.Future---Deffered";
				PRODUCT_NAME = "$(TARGET_NAME)";
				SWIFT_EMIT_LOC_STRINGS = YES;
				SWIFT_VERSION = 5.0;
				TARGETED_DEVICE_FAMILY = "1,2";
			};
			name = Release;
		};
/* End XCBuildConfiguration section */

/* Begin XCConfigurationList section */
		35DAF6F629DE2A2900E28486 /* Build configuration list for PBXProject "Future & Deffered" */ = {
			isa = XCConfigurationList;
			buildConfigurations = (
				35DAF70D29DE2A2B00E28486 /* Debug */,
				35DAF70E29DE2A2B00E28486 /* Release */,
			);
			defaultConfigurationIsVisible = 0;
			defaultConfigurationName = Release;
		};
		35DAF70F29DE2A2B00E28486 /* Build configuration list for PBXNativeTarget "Future & Deffered" */ = {
			isa = XCConfigurationList;
			buildConfigurations = (
				35DAF71029DE2A2B00E28486 /* Debug */,
				35DAF71129DE2A2B00E28486 /* Release */,
			);
			defaultConfigurationIsVisible = 0;
			defaultConfigurationName = Release;
		};
/* End XCConfigurationList section */
	};
	rootObject = 35DAF6F329DE2A2900E28486 /* Project object */;
}
