// !$*UTF8*$!
{
	archiveVersion = 1;
	classes = {
	};
	objectVersion = 56;
	objects = {

/* Begin PBXBuildFile section */
		351679E22A38D84A008E999D /* SwiftUI100DaysProject3_1App.swift in Sources */ = {isa = PBXBuildFile; fileRef = 351679E12A38D84A008E999D /* SwiftUI100DaysProject3_1App.swift */; };
		351679E42A38D84A008E999D /* ContentView.swift in Sources */ = {isa = PBXBuildFile; fileRef = 351679E32A38D84A008E999D /* ContentView.swift */; };
		351679E62A38D84D008E999D /* Assets.xcassets in Resources */ = {isa = PBXBuildFile; fileRef = 351679E52A38D84D008E999D /* Assets.xcassets */; };
		351679E92A38D84D008E999D /* Preview Assets.xcassets in Resources */ = {isa = PBXBuildFile; fileRef = 351679E82A38D84D008E999D /* Preview Assets.xcassets */; };
		351679F32A38D84D008E999D /* SwiftUI100DaysProject3_1Tests.swift in Sources */ = {isa = PBXBuildFile; fileRef = 351679F22A38D84D008E999D /* SwiftUI100DaysProject3_1Tests.swift */; };
		351679FD2A38D84D008E999D /* SwiftUI100DaysProject3_1UITests.swift in Sources */ = {isa = PBXBuildFile; fileRef = 351679FC2A38D84D008E999D /* SwiftUI100DaysProject3_1UITests.swift */; };
		351679FF2A38D84D008E999D /* SwiftUI100DaysProject3_1UITestsLaunchTests.swift in Sources */ = {isa = PBXBuildFile; fileRef = 351679FE2A38D84D008E999D /* SwiftUI100DaysProject3_1UITestsLaunchTests.swift */; };
/* End PBXBuildFile section */

/* Begin PBXContainerItemProxy section */
		351679EF2A38D84D008E999D /* PBXContainerItemProxy */ = {
			isa = PBXContainerItemProxy;
			containerPortal = 351679D62A38D84A008E999D /* Project object */;
			proxyType = 1;
			remoteGlobalIDString = 351679DD2A38D84A008E999D;
			remoteInfo = SwiftUI100DaysProject3.1;
		};
		351679F92A38D84D008E999D /* PBXContainerItemProxy */ = {
			isa = PBXContainerItemProxy;
			containerPortal = 351679D62A38D84A008E999D /* Project object */;
			proxyType = 1;
			remoteGlobalIDString = 351679DD2A38D84A008E999D;
			remoteInfo = SwiftUI100DaysProject3.1;
		};
/* End PBXContainerItemProxy section */

/* Begin PBXFileReference section */
		351679DE2A38D84A008E999D /* SwiftUI100DaysProject3.1.app */ = {isa = PBXFileReference; explicitFileType = wrapper.application; includeInIndex = 0; path = SwiftUI100DaysProject3.1.app; sourceTree = BUILT_PRODUCTS_DIR; };
		351679E12A38D84A008E999D /* SwiftUI100DaysProject3_1App.swift */ = {isa = PBXFileReference; lastKnownFileType = sourcecode.swift; path = SwiftUI100DaysProject3_1App.swift; sourceTree = "<group>"; };
		351679E32A38D84A008E999D /* ContentView.swift */ = {isa = PBXFileReference; lastKnownFileType = sourcecode.swift; path = ContentView.swift; sourceTree = "<group>"; };
		351679E52A38D84D008E999D /* Assets.xcassets */ = {isa = PBXFileReference; lastKnownFileType = folder.assetcatalog; path = Assets.xcassets; sourceTree = "<group>"; };
		351679E82A38D84D008E999D /* Preview Assets.xcassets */ = {isa = PBXFileReference; lastKnownFileType = folder.assetcatalog; path = "Preview Assets.xcassets"; sourceTree = "<group>"; };
		351679EE2A38D84D008E999D /* SwiftUI100DaysProject3.1Tests.xctest */ = {isa = PBXFileReference; explicitFileType = wrapper.cfbundle; includeInIndex = 0; path = SwiftUI100DaysProject3.1Tests.xctest; sourceTree = BUILT_PRODUCTS_DIR; };
		351679F22A38D84D008E999D /* SwiftUI100DaysProject3_1Tests.swift */ = {isa = PBXFileReference; lastKnownFileType = sourcecode.swift; path = SwiftUI100DaysProject3_1Tests.swift; sourceTree = "<group>"; };
		351679F82A38D84D008E999D /* SwiftUI100DaysProject3.1UITests.xctest */ = {isa = PBXFileReference; explicitFileType = wrapper.cfbundle; includeInIndex = 0; path = SwiftUI100DaysProject3.1UITests.xctest; sourceTree = BUILT_PRODUCTS_DIR; };
		351679FC2A38D84D008E999D /* SwiftUI100DaysProject3_1UITests.swift */ = {isa = PBXFileReference; lastKnownFileType = sourcecode.swift; path = SwiftUI100DaysProject3_1UITests.swift; sourceTree = "<group>"; };
		351679FE2A38D84D008E999D /* SwiftUI100DaysProject3_1UITestsLaunchTests.swift */ = {isa = PBXFileReference; lastKnownFileType = sourcecode.swift; path = SwiftUI100DaysProject3_1UITestsLaunchTests.swift; sourceTree = "<group>"; };
/* End PBXFileReference section */

/* Begin PBXFrameworksBuildPhase section */
		351679DB2A38D84A008E999D /* Frameworks */ = {
			isa = PBXFrameworksBuildPhase;
			buildActionMask = 2147483647;
			files = (
			);
			runOnlyForDeploymentPostprocessing = 0;
		};
		351679EB2A38D84D008E999D /* Frameworks */ = {
			isa = PBXFrameworksBuildPhase;
			buildActionMask = 2147483647;
			files = (
			);
			runOnlyForDeploymentPostprocessing = 0;
		};
		351679F52A38D84D008E999D /* Frameworks */ = {
			isa = PBXFrameworksBuildPhase;
			buildActionMask = 2147483647;
			files = (
			);
			runOnlyForDeploymentPostprocessing = 0;
		};
/* End PBXFrameworksBuildPhase section */

/* Begin PBXGroup section */
		351679D52A38D84A008E999D = {
			isa = PBXGroup;
			children = (
				351679E02A38D84A008E999D /* SwiftUI100DaysProject3.1 */,
				351679F12A38D84D008E999D /* SwiftUI100DaysProject3.1Tests */,
				351679FB2A38D84D008E999D /* SwiftUI100DaysProject3.1UITests */,
				351679DF2A38D84A008E999D /* Products */,
			);
			sourceTree = "<group>";
		};
		351679DF2A38D84A008E999D /* Products */ = {
			isa = PBXGroup;
			children = (
				351679DE2A38D84A008E999D /* SwiftUI100DaysProject3.1.app */,
				351679EE2A38D84D008E999D /* SwiftUI100DaysProject3.1Tests.xctest */,
				351679F82A38D84D008E999D /* SwiftUI100DaysProject3.1UITests.xctest */,
			);
			name = Products;
			sourceTree = "<group>";
		};
		351679E02A38D84A008E999D /* SwiftUI100DaysProject3.1 */ = {
			isa = PBXGroup;
			children = (
				351679E12A38D84A008E999D /* SwiftUI100DaysProject3_1App.swift */,
				351679E32A38D84A008E999D /* ContentView.swift */,
				351679E52A38D84D008E999D /* Assets.xcassets */,
				351679E72A38D84D008E999D /* Preview Content */,
			);
			path = SwiftUI100DaysProject3.1;
			sourceTree = "<group>";
		};
		351679E72A38D84D008E999D /* Preview Content */ = {
			isa = PBXGroup;
			children = (
				351679E82A38D84D008E999D /* Preview Assets.xcassets */,
			);
			path = "Preview Content";
			sourceTree = "<group>";
		};
		351679F12A38D84D008E999D /* SwiftUI100DaysProject3.1Tests */ = {
			isa = PBXGroup;
			children = (
				351679F22A38D84D008E999D /* SwiftUI100DaysProject3_1Tests.swift */,
			);
			path = SwiftUI100DaysProject3.1Tests;
			sourceTree = "<group>";
		};
		351679FB2A38D84D008E999D /* SwiftUI100DaysProject3.1UITests */ = {
			isa = PBXGroup;
			children = (
				351679FC2A38D84D008E999D /* SwiftUI100DaysProject3_1UITests.swift */,
				351679FE2A38D84D008E999D /* SwiftUI100DaysProject3_1UITestsLaunchTests.swift */,
			);
			path = SwiftUI100DaysProject3.1UITests;
			sourceTree = "<group>";
		};
/* End PBXGroup section */

/* Begin PBXNativeTarget section */
		351679DD2A38D84A008E999D /* SwiftUI100DaysProject3.1 */ = {
			isa = PBXNativeTarget;
			buildConfigurationList = 35167A022A38D84D008E999D /* Build configuration list for PBXNativeTarget "SwiftUI100DaysProject3.1" */;
			buildPhases = (
				351679DA2A38D84A008E999D /* Sources */,
				351679DB2A38D84A008E999D /* Frameworks */,
				351679DC2A38D84A008E999D /* Resources */,
			);
			buildRules = (
			);
			dependencies = (
			);
			name = SwiftUI100DaysProject3.1;
			productName = SwiftUI100DaysProject3.1;
			productReference = 351679DE2A38D84A008E999D /* SwiftUI100DaysProject3.1.app */;
			productType = "com.apple.product-type.application";
		};
		351679ED2A38D84D008E999D /* SwiftUI100DaysProject3.1Tests */ = {
			isa = PBXNativeTarget;
			buildConfigurationList = 35167A052A38D84D008E999D /* Build configuration list for PBXNativeTarget "SwiftUI100DaysProject3.1Tests" */;
			buildPhases = (
				351679EA2A38D84D008E999D /* Sources */,
				351679EB2A38D84D008E999D /* Frameworks */,
				351679EC2A38D84D008E999D /* Resources */,
			);
			buildRules = (
			);
			dependencies = (
				351679F02A38D84D008E999D /* PBXTargetDependency */,
			);
			name = SwiftUI100DaysProject3.1Tests;
			productName = SwiftUI100DaysProject3.1Tests;
			productReference = 351679EE2A38D84D008E999D /* SwiftUI100DaysProject3.1Tests.xctest */;
			productType = "com.apple.product-type.bundle.unit-test";
		};
		351679F72A38D84D008E999D /* SwiftUI100DaysProject3.1UITests */ = {
			isa = PBXNativeTarget;
			buildConfigurationList = 35167A082A38D84D008E999D /* Build configuration list for PBXNativeTarget "SwiftUI100DaysProject3.1UITests" */;
			buildPhases = (
				351679F42A38D84D008E999D /* Sources */,
				351679F52A38D84D008E999D /* Frameworks */,
				351679F62A38D84D008E999D /* Resources */,
			);
			buildRules = (
			);
			dependencies = (
				351679FA2A38D84D008E999D /* PBXTargetDependency */,
			);
			name = SwiftUI100DaysProject3.1UITests;
			productName = SwiftUI100DaysProject3.1UITests;
			productReference = 351679F82A38D84D008E999D /* SwiftUI100DaysProject3.1UITests.xctest */;
			productType = "com.apple.product-type.bundle.ui-testing";
		};
/* End PBXNativeTarget section */

/* Begin PBXProject section */
		351679D62A38D84A008E999D /* Project object */ = {
			isa = PBXProject;
			attributes = {
				BuildIndependentTargetsInParallel = 1;
				LastSwiftUpdateCheck = 1430;
				LastUpgradeCheck = 1430;
				TargetAttributes = {
					351679DD2A38D84A008E999D = {
						CreatedOnToolsVersion = 14.3.1;
					};
					351679ED2A38D84D008E999D = {
						CreatedOnToolsVersion = 14.3.1;
						TestTargetID = 351679DD2A38D84A008E999D;
					};
					351679F72A38D84D008E999D = {
						CreatedOnToolsVersion = 14.3.1;
						TestTargetID = 351679DD2A38D84A008E999D;
					};
				};
			};
			buildConfigurationList = 351679D92A38D84A008E999D /* Build configuration list for PBXProject "SwiftUI100DaysProject3.1" */;
			compatibilityVersion = "Xcode 14.0";
			developmentRegion = en;
			hasScannedForEncodings = 0;
			knownRegions = (
				en,
				Base,
			);
			mainGroup = 351679D52A38D84A008E999D;
			productRefGroup = 351679DF2A38D84A008E999D /* Products */;
			projectDirPath = "";
			projectRoot = "";
			targets = (
				351679DD2A38D84A008E999D /* SwiftUI100DaysProject3.1 */,
				351679ED2A38D84D008E999D /* SwiftUI100DaysProject3.1Tests */,
				351679F72A38D84D008E999D /* SwiftUI100DaysProject3.1UITests */,
			);
		};
/* End PBXProject section */

/* Begin PBXResourcesBuildPhase section */
		351679DC2A38D84A008E999D /* Resources */ = {
			isa = PBXResourcesBuildPhase;
			buildActionMask = 2147483647;
			files = (
				351679E92A38D84D008E999D /* Preview Assets.xcassets in Resources */,
				351679E62A38D84D008E999D /* Assets.xcassets in Resources */,
			);
			runOnlyForDeploymentPostprocessing = 0;
		};
		351679EC2A38D84D008E999D /* Resources */ = {
			isa = PBXResourcesBuildPhase;
			buildActionMask = 2147483647;
			files = (
			);
			runOnlyForDeploymentPostprocessing = 0;
		};
		351679F62A38D84D008E999D /* Resources */ = {
			isa = PBXResourcesBuildPhase;
			buildActionMask = 2147483647;
			files = (
			);
			runOnlyForDeploymentPostprocessing = 0;
		};
/* End PBXResourcesBuildPhase section */

/* Begin PBXSourcesBuildPhase section */
		351679DA2A38D84A008E999D /* Sources */ = {
			isa = PBXSourcesBuildPhase;
			buildActionMask = 2147483647;
			files = (
				351679E42A38D84A008E999D /* ContentView.swift in Sources */,
				351679E22A38D84A008E999D /* SwiftUI100DaysProject3_1App.swift in Sources */,
			);
			runOnlyForDeploymentPostprocessing = 0;
		};
		351679EA2A38D84D008E999D /* Sources */ = {
			isa = PBXSourcesBuildPhase;
			buildActionMask = 2147483647;
			files = (
				351679F32A38D84D008E999D /* SwiftUI100DaysProject3_1Tests.swift in Sources */,
			);
			runOnlyForDeploymentPostprocessing = 0;
		};
		351679F42A38D84D008E999D /* Sources */ = {
			isa = PBXSourcesBuildPhase;
			buildActionMask = 2147483647;
			files = (
				351679FD2A38D84D008E999D /* SwiftUI100DaysProject3_1UITests.swift in Sources */,
				351679FF2A38D84D008E999D /* SwiftUI100DaysProject3_1UITestsLaunchTests.swift in Sources */,
			);
			runOnlyForDeploymentPostprocessing = 0;
		};
/* End PBXSourcesBuildPhase section */

/* Begin PBXTargetDependency section */
		351679F02A38D84D008E999D /* PBXTargetDependency */ = {
			isa = PBXTargetDependency;
			target = 351679DD2A38D84A008E999D /* SwiftUI100DaysProject3.1 */;
			targetProxy = 351679EF2A38D84D008E999D /* PBXContainerItemProxy */;
		};
		351679FA2A38D84D008E999D /* PBXTargetDependency */ = {
			isa = PBXTargetDependency;
			target = 351679DD2A38D84A008E999D /* SwiftUI100DaysProject3.1 */;
			targetProxy = 351679F92A38D84D008E999D /* PBXContainerItemProxy */;
		};
/* End PBXTargetDependency section */

/* Begin XCBuildConfiguration section */
		35167A002A38D84D008E999D /* Debug */ = {
			isa = XCBuildConfiguration;
			buildSettings = {
				ALWAYS_SEARCH_USER_PATHS = NO;
				CLANG_ANALYZER_NONNULL = YES;
				CLANG_ANALYZER_NUMBER_OBJECT_CONVERSION = YES_AGGRESSIVE;
				CLANG_CXX_LANGUAGE_STANDARD = "gnu++20";
				CLANG_ENABLE_MODULES = YES;
				CLANG_ENABLE_OBJC_ARC = YES;
				CLANG_ENABLE_OBJC_WEAK = YES;
				CLANG_WARN_BLOCK_CAPTURE_AUTORELEASING = YES;
				CLANG_WARN_BOOL_CONVERSION = YES;
				CLANG_WARN_COMMA = YES;
				CLANG_WARN_CONSTANT_CONVERSION = YES;
				CLANG_WARN_DEPRECATED_OBJC_IMPLEMENTATIONS = YES;
				CLANG_WARN_DIRECT_OBJC_ISA_USAGE = YES_ERROR;
				CLANG_WARN_DOCUMENTATION_COMMENTS = YES;
				CLANG_WARN_EMPTY_BODY = YES;
				CLANG_WARN_ENUM_CONVERSION = YES;
				CLANG_WARN_INFINITE_RECURSION = YES;
				CLANG_WARN_INT_CONVERSION = YES;
				CLANG_WARN_NON_LITERAL_NULL_CONVERSION = YES;
				CLANG_WARN_OBJC_IMPLICIT_RETAIN_SELF = YES;
				CLANG_WARN_OBJC_LITERAL_CONVERSION = YES;
				CLANG_WARN_OBJC_ROOT_CLASS = YES_ERROR;
				CLANG_WARN_QUOTED_INCLUDE_IN_FRAMEWORK_HEADER = YES;
				CLANG_WARN_RANGE_LOOP_ANALYSIS = YES;
				CLANG_WARN_STRICT_PROTOTYPES = YES;
				CLANG_WARN_SUSPICIOUS_MOVE = YES;
				CLANG_WARN_UNGUARDED_AVAILABILITY = YES_AGGRESSIVE;
				CLANG_WARN_UNREACHABLE_CODE = YES;
				CLANG_WARN__DUPLICATE_METHOD_MATCH = YES;
				COPY_PHASE_STRIP = NO;
				DEBUG_INFORMATION_FORMAT = dwarf;
				ENABLE_STRICT_OBJC_MSGSEND = YES;
				ENABLE_TESTABILITY = YES;
				GCC_C_LANGUAGE_STANDARD = gnu11;
				GCC_DYNAMIC_NO_PIC = NO;
				GCC_NO_COMMON_BLOCKS = YES;
				GCC_OPTIMIZATION_LEVEL = 0;
				GCC_PREPROCESSOR_DEFINITIONS = (
					"DEBUG=1",
					"$(inherited)",
				);
				GCC_WARN_64_TO_32_BIT_CONVERSION = YES;
				GCC_WARN_ABOUT_RETURN_TYPE = YES_ERROR;
				GCC_WARN_UNDECLARED_SELECTOR = YES;
				GCC_WARN_UNINITIALIZED_AUTOS = YES_AGGRESSIVE;
				GCC_WARN_UNUSED_FUNCTION = YES;
				GCC_WARN_UNUSED_VARIABLE = YES;
				IPHONEOS_DEPLOYMENT_TARGET = 16.4;
				MTL_ENABLE_DEBUG_INFO = INCLUDE_SOURCE;
				MTL_FAST_MATH = YES;
				ONLY_ACTIVE_ARCH = YES;
				SDKROOT = iphoneos;
				SWIFT_ACTIVE_COMPILATION_CONDITIONS = DEBUG;
				SWIFT_OPTIMIZATION_LEVEL = "-Onone";
			};
			name = Debug;
		};
		35167A012A38D84D008E999D /* Release */ = {
			isa = XCBuildConfiguration;
			buildSettings = {
				ALWAYS_SEARCH_USER_PATHS = NO;
				CLANG_ANALYZER_NONNULL = YES;
				CLANG_ANALYZER_NUMBER_OBJECT_CONVERSION = YES_AGGRESSIVE;
				CLANG_CXX_LANGUAGE_STANDARD = "gnu++20";
				CLANG_ENABLE_MODULES = YES;
				CLANG_ENABLE_OBJC_ARC = YES;
				CLANG_ENABLE_OBJC_WEAK = YES;
				CLANG_WARN_BLOCK_CAPTURE_AUTORELEASING = YES;
				CLANG_WARN_BOOL_CONVERSION = YES;
				CLANG_WARN_COMMA = YES;
				CLANG_WARN_CONSTANT_CONVERSION = YES;
				CLANG_WARN_DEPRECATED_OBJC_IMPLEMENTATIONS = YES;
				CLANG_WARN_DIRECT_OBJC_ISA_USAGE = YES_ERROR;
				CLANG_WARN_DOCUMENTATION_COMMENTS = YES;
				CLANG_WARN_EMPTY_BODY = YES;
				CLANG_WARN_ENUM_CONVERSION = YES;
				CLANG_WARN_INFINITE_RECURSION = YES;
				CLANG_WARN_INT_CONVERSION = YES;
				CLANG_WARN_NON_LITERAL_NULL_CONVERSION = YES;
				CLANG_WARN_OBJC_IMPLICIT_RETAIN_SELF = YES;
				CLANG_WARN_OBJC_LITERAL_CONVERSION = YES;
				CLANG_WARN_OBJC_ROOT_CLASS = YES_ERROR;
				CLANG_WARN_QUOTED_INCLUDE_IN_FRAMEWORK_HEADER = YES;
				CLANG_WARN_RANGE_LOOP_ANALYSIS = YES;
				CLANG_WARN_STRICT_PROTOTYPES = YES;
				CLANG_WARN_SUSPICIOUS_MOVE = YES;
				CLANG_WARN_UNGUARDED_AVAILABILITY = YES_AGGRESSIVE;
				CLANG_WARN_UNREACHABLE_CODE = YES;
				CLANG_WARN__DUPLICATE_METHOD_MATCH = YES;
				COPY_PHASE_STRIP = NO;
				DEBUG_INFORMATION_FORMAT = "dwarf-with-dsym";
				ENABLE_NS_ASSERTIONS = NO;
				ENABLE_STRICT_OBJC_MSGSEND = YES;
				GCC_C_LANGUAGE_STANDARD = gnu11;
				GCC_NO_COMMON_BLOCKS = YES;
				GCC_WARN_64_TO_32_BIT_CONVERSION = YES;
				GCC_WARN_ABOUT_RETURN_TYPE = YES_ERROR;
				GCC_WARN_UNDECLARED_SELECTOR = YES;
				GCC_WARN_UNINITIALIZED_AUTOS = YES_AGGRESSIVE;
				GCC_WARN_UNUSED_FUNCTION = YES;
				GCC_WARN_UNUSED_VARIABLE = YES;
				IPHONEOS_DEPLOYMENT_TARGET = 16.4;
				MTL_ENABLE_DEBUG_INFO = NO;
				MTL_FAST_MATH = YES;
				SDKROOT = iphoneos;
				SWIFT_COMPILATION_MODE = wholemodule;
				SWIFT_OPTIMIZATION_LEVEL = "-O";
				VALIDATE_PRODUCT = YES;
			};
			name = Release;
		};
		35167A032A38D84D008E999D /* Debug */ = {
			isa = XCBuildConfiguration;
			buildSettings = {
				ASSETCATALOG_COMPILER_APPICON_NAME = AppIcon;
				ASSETCATALOG_COMPILER_GLOBAL_ACCENT_COLOR_NAME = AccentColor;
				CODE_SIGN_STYLE = Automatic;
				CURRENT_PROJECT_VERSION = 1;
				DEVELOPMENT_ASSET_PATHS = "\"SwiftUI100DaysProject3.1/Preview Content\"";
				DEVELOPMENT_TEAM = KSY72YVT4X;
				ENABLE_PREVIEWS = YES;
				GENERATE_INFOPLIST_FILE = YES;
				INFOPLIST_KEY_UIApplicationSceneManifest_Generation = YES;
				INFOPLIST_KEY_UIApplicationSupportsIndirectInputEvents = YES;
				INFOPLIST_KEY_UILaunchScreen_Generation = YES;
				INFOPLIST_KEY_UISupportedInterfaceOrientations_iPad = "UIInterfaceOrientationPortrait UIInterfaceOrientationPortraitUpsideDown UIInterfaceOrientationLandscapeLeft UIInterfaceOrientationLandscapeRight";
				INFOPLIST_KEY_UISupportedInterfaceOrientations_iPhone = "UIInterfaceOrientationPortrait UIInterfaceOrientationLandscapeLeft UIInterfaceOrientationLandscapeRight";
				LD_RUNPATH_SEARCH_PATHS = (
					"$(inherited)",
					"@executable_path/Frameworks",
				);
				MARKETING_VERSION = 1.0;
				PRODUCT_BUNDLE_IDENTIFIER = "com.GeDingInPerson.SwiftUI100DaysProject3-1";
				PRODUCT_NAME = "$(TARGET_NAME)";
				SWIFT_EMIT_LOC_STRINGS = YES;
				SWIFT_VERSION = 5.0;
				TARGETED_DEVICE_FAMILY = "1,2";
			};
			name = Debug;
		};
		35167A042A38D84D008E999D /* Release */ = {
			isa = XCBuildConfiguration;
			buildSettings = {
				ASSETCATALOG_COMPILER_APPICON_NAME = AppIcon;
				ASSETCATALOG_COMPILER_GLOBAL_ACCENT_COLOR_NAME = AccentColor;
				CODE_SIGN_STYLE = Automatic;
				CURRENT_PROJECT_VERSION = 1;
				DEVELOPMENT_ASSET_PATHS = "\"SwiftUI100DaysProject3.1/Preview Content\"";
				DEVELOPMENT_TEAM = KSY72YVT4X;
				ENABLE_PREVIEWS = YES;
				GENERATE_INFOPLIST_FILE = YES;
				INFOPLIST_KEY_UIApplicationSceneManifest_Generation = YES;
				INFOPLIST_KEY_UIApplicationSupportsIndirectInputEvents = YES;
				INFOPLIST_KEY_UILaunchScreen_Generation = YES;
				INFOPLIST_KEY_UISupportedInterfaceOrientations_iPad = "UIInterfaceOrientationPortrait UIInterfaceOrientationPortraitUpsideDown UIInterfaceOrientationLandscapeLeft UIInterfaceOrientationLandscapeRight";
				INFOPLIST_KEY_UISupportedInterfaceOrientations_iPhone = "UIInterfaceOrientationPortrait UIInterfaceOrientationLandscapeLeft UIInterfaceOrientationLandscapeRight";
				LD_RUNPATH_SEARCH_PATHS = (
					"$(inherited)",
					"@executable_path/Frameworks",
				);
				MARKETING_VERSION = 1.0;
				PRODUCT_BUNDLE_IDENTIFIER = "com.GeDingInPerson.SwiftUI100DaysProject3-1";
				PRODUCT_NAME = "$(TARGET_NAME)";
				SWIFT_EMIT_LOC_STRINGS = YES;
				SWIFT_VERSION = 5.0;
				TARGETED_DEVICE_FAMILY = "1,2";
			};
			name = Release;
		};
		35167A062A38D84D008E999D /* Debug */ = {
			isa = XCBuildConfiguration;
			buildSettings = {
				ALWAYS_EMBED_SWIFT_STANDARD_LIBRARIES = YES;
				BUNDLE_LOADER = "$(TEST_HOST)";
				CODE_SIGN_STYLE = Automatic;
				CURRENT_PROJECT_VERSION = 1;
				DEVELOPMENT_TEAM = KSY72YVT4X;
				GENERATE_INFOPLIST_FILE = YES;
				IPHONEOS_DEPLOYMENT_TARGET = 16.4;
				MARKETING_VERSION = 1.0;
				PRODUCT_BUNDLE_IDENTIFIER = "com.GeDingInPerson.SwiftUI100DaysProject3-1Tests";
				PRODUCT_NAME = "$(TARGET_NAME)";
				SWIFT_EMIT_LOC_STRINGS = NO;
				SWIFT_VERSION = 5.0;
				TARGETED_DEVICE_FAMILY = "1,2";
				TEST_HOST = "$(BUILT_PRODUCTS_DIR)/SwiftUI100DaysProject3.1.app/$(BUNDLE_EXECUTABLE_FOLDER_PATH)/SwiftUI100DaysProject3.1";
			};
			name = Debug;
		};
		35167A072A38D84D008E999D /* Release */ = {
			isa = XCBuildConfiguration;
			buildSettings = {
				ALWAYS_EMBED_SWIFT_STANDARD_LIBRARIES = YES;
				BUNDLE_LOADER = "$(TEST_HOST)";
				CODE_SIGN_STYLE = Automatic;
				CURRENT_PROJECT_VERSION = 1;
				DEVELOPMENT_TEAM = KSY72YVT4X;
				GENERATE_INFOPLIST_FILE = YES;
				IPHONEOS_DEPLOYMENT_TARGET = 16.4;
				MARKETING_VERSION = 1.0;
				PRODUCT_BUNDLE_IDENTIFIER = "com.GeDingInPerson.SwiftUI100DaysProject3-1Tests";
				PRODUCT_NAME = "$(TARGET_NAME)";
				SWIFT_EMIT_LOC_STRINGS = NO;
				SWIFT_VERSION = 5.0;
				TARGETED_DEVICE_FAMILY = "1,2";
				TEST_HOST = "$(BUILT_PRODUCTS_DIR)/SwiftUI100DaysProject3.1.app/$(BUNDLE_EXECUTABLE_FOLDER_PATH)/SwiftUI100DaysProject3.1";
			};
			name = Release;
		};
		35167A092A38D84D008E999D /* Debug */ = {
			isa = XCBuildConfiguration;
			buildSettings = {
				ALWAYS_EMBED_SWIFT_STANDARD_LIBRARIES = YES;
				CODE_SIGN_STYLE = Automatic;
				CURRENT_PROJECT_VERSION = 1;
				DEVELOPMENT_TEAM = KSY72YVT4X;
				GENERATE_INFOPLIST_FILE = YES;
				MARKETING_VERSION = 1.0;
				PRODUCT_BUNDLE_IDENTIFIER = "com.GeDingInPerson.SwiftUI100DaysProject3-1UITests";
				PRODUCT_NAME = "$(TARGET_NAME)";
				SWIFT_EMIT_LOC_STRINGS = NO;
				SWIFT_VERSION = 5.0;
				TARGETED_DEVICE_FAMILY = "1,2";
				TEST_TARGET_NAME = SwiftUI100DaysProject3.1;
			};
			name = Debug;
		};
		35167A0A2A38D84D008E999D /* Release */ = {
			isa = XCBuildConfiguration;
			buildSettings = {
				ALWAYS_EMBED_SWIFT_STANDARD_LIBRARIES = YES;
				CODE_SIGN_STYLE = Automatic;
				CURRENT_PROJECT_VERSION = 1;
				DEVELOPMENT_TEAM = KSY72YVT4X;
				GENERATE_INFOPLIST_FILE = YES;
				MARKETING_VERSION = 1.0;
				PRODUCT_BUNDLE_IDENTIFIER = "com.GeDingInPerson.SwiftUI100DaysProject3-1UITests";
				PRODUCT_NAME = "$(TARGET_NAME)";
				SWIFT_EMIT_LOC_STRINGS = NO;
				SWIFT_VERSION = 5.0;
				TARGETED_DEVICE_FAMILY = "1,2";
				TEST_TARGET_NAME = SwiftUI100DaysProject3.1;
			};
			name = Release;
		};
/* End XCBuildConfiguration section */

/* Begin XCConfigurationList section */
		351679D92A38D84A008E999D /* Build configuration list for PBXProject "SwiftUI100DaysProject3.1" */ = {
			isa = XCConfigurationList;
			buildConfigurations = (
				35167A002A38D84D008E999D /* Debug */,
				35167A012A38D84D008E999D /* Release */,
			);
			defaultConfigurationIsVisible = 0;
			defaultConfigurationName = Release;
		};
		35167A022A38D84D008E999D /* Build configuration list for PBXNativeTarget "SwiftUI100DaysProject3.1" */ = {
			isa = XCConfigurationList;
			buildConfigurations = (
				35167A032A38D84D008E999D /* Debug */,
				35167A042A38D84D008E999D /* Release */,
			);
			defaultConfigurationIsVisible = 0;
			defaultConfigurationName = Release;
		};
		35167A052A38D84D008E999D /* Build configuration list for PBXNativeTarget "SwiftUI100DaysProject3.1Tests" */ = {
			isa = XCConfigurationList;
			buildConfigurations = (
				35167A062A38D84D008E999D /* Debug */,
				35167A072A38D84D008E999D /* Release */,
			);
			defaultConfigurationIsVisible = 0;
			defaultConfigurationName = Release;
		};
		35167A082A38D84D008E999D /* Build configuration list for PBXNativeTarget "SwiftUI100DaysProject3.1UITests" */ = {
			isa = XCConfigurationList;
			buildConfigurations = (
				35167A092A38D84D008E999D /* Debug */,
				35167A0A2A38D84D008E999D /* Release */,
			);
			defaultConfigurationIsVisible = 0;
			defaultConfigurationName = Release;
		};
/* End XCConfigurationList section */
	};
	rootObject = 351679D62A38D84A008E999D /* Project object */;
}
