// !$*UTF8*$!
{
	archiveVersion = 1;
	classes = {
	};
	objectVersion = 56;
	objects = {

/* Begin PBXBuildFile section */
		35D9B1032A2EBBEF00ECBB37 /* SwiftUI100DaysProject2App.swift in Sources */ = {isa = PBXBuildFile; fileRef = 35D9B1022A2EBBEF00ECBB37 /* SwiftUI100DaysProject2App.swift */; };
		35D9B1052A2EBBEF00ECBB37 /* ContentView.swift in Sources */ = {isa = PBXBuildFile; fileRef = 35D9B1042A2EBBEF00ECBB37 /* ContentView.swift */; };
		35D9B1072A2EBBF100ECBB37 /* Assets.xcassets in Resources */ = {isa = PBXBuildFile; fileRef = 35D9B1062A2EBBF100ECBB37 /* Assets.xcassets */; };
		35D9B10A2A2EBBF100ECBB37 /* Preview Assets.xcassets in Resources */ = {isa = PBXBuildFile; fileRef = 35D9B1092A2EBBF100ECBB37 /* Preview Assets.xcassets */; };
		35D9B1142A2EBBF200ECBB37 /* SwiftUI100DaysProject2Tests.swift in Sources */ = {isa = PBXBuildFile; fileRef = 35D9B1132A2EBBF200ECBB37 /* SwiftUI100DaysProject2Tests.swift */; };
		35D9B11E2A2EBBF200ECBB37 /* SwiftUI100DaysProject2UITests.swift in Sources */ = {isa = PBXBuildFile; fileRef = 35D9B11D2A2EBBF200ECBB37 /* SwiftUI100DaysProject2UITests.swift */; };
		35D9B1202A2EBBF200ECBB37 /* SwiftUI100DaysProject2UITestsLaunchTests.swift in Sources */ = {isa = PBXBuildFile; fileRef = 35D9B11F2A2EBBF200ECBB37 /* SwiftUI100DaysProject2UITestsLaunchTests.swift */; };
/* End PBXBuildFile section */

/* Begin PBXContainerItemProxy section */
		35D9B1102A2EBBF200ECBB37 /* PBXContainerItemProxy */ = {
			isa = PBXContainerItemProxy;
			containerPortal = 35D9B0F72A2EBBEF00ECBB37 /* Project object */;
			proxyType = 1;
			remoteGlobalIDString = 35D9B0FE2A2EBBEF00ECBB37;
			remoteInfo = SwiftUI100DaysProject2;
		};
		35D9B11A2A2EBBF200ECBB37 /* PBXContainerItemProxy */ = {
			isa = PBXContainerItemProxy;
			containerPortal = 35D9B0F72A2EBBEF00ECBB37 /* Project object */;
			proxyType = 1;
			remoteGlobalIDString = 35D9B0FE2A2EBBEF00ECBB37;
			remoteInfo = SwiftUI100DaysProject2;
		};
/* End PBXContainerItemProxy section */

/* Begin PBXFileReference section */
		35D9B0FF2A2EBBEF00ECBB37 /* SwiftUI100DaysProject2.app */ = {isa = PBXFileReference; explicitFileType = wrapper.application; includeInIndex = 0; path = SwiftUI100DaysProject2.app; sourceTree = BUILT_PRODUCTS_DIR; };
		35D9B1022A2EBBEF00ECBB37 /* SwiftUI100DaysProject2App.swift */ = {isa = PBXFileReference; lastKnownFileType = sourcecode.swift; path = SwiftUI100DaysProject2App.swift; sourceTree = "<group>"; };
		35D9B1042A2EBBEF00ECBB37 /* ContentView.swift */ = {isa = PBXFileReference; lastKnownFileType = sourcecode.swift; path = ContentView.swift; sourceTree = "<group>"; };
		35D9B1062A2EBBF100ECBB37 /* Assets.xcassets */ = {isa = PBXFileReference; lastKnownFileType = folder.assetcatalog; path = Assets.xcassets; sourceTree = "<group>"; };
		35D9B1092A2EBBF100ECBB37 /* Preview Assets.xcassets */ = {isa = PBXFileReference; lastKnownFileType = folder.assetcatalog; path = "Preview Assets.xcassets"; sourceTree = "<group>"; };
		35D9B10F2A2EBBF200ECBB37 /* SwiftUI100DaysProject2Tests.xctest */ = {isa = PBXFileReference; explicitFileType = wrapper.cfbundle; includeInIndex = 0; path = SwiftUI100DaysProject2Tests.xctest; sourceTree = BUILT_PRODUCTS_DIR; };
		35D9B1132A2EBBF200ECBB37 /* SwiftUI100DaysProject2Tests.swift */ = {isa = PBXFileReference; lastKnownFileType = sourcecode.swift; path = SwiftUI100DaysProject2Tests.swift; sourceTree = "<group>"; };
		35D9B1192A2EBBF200ECBB37 /* SwiftUI100DaysProject2UITests.xctest */ = {isa = PBXFileReference; explicitFileType = wrapper.cfbundle; includeInIndex = 0; path = SwiftUI100DaysProject2UITests.xctest; sourceTree = BUILT_PRODUCTS_DIR; };
		35D9B11D2A2EBBF200ECBB37 /* SwiftUI100DaysProject2UITests.swift */ = {isa = PBXFileReference; lastKnownFileType = sourcecode.swift; path = SwiftUI100DaysProject2UITests.swift; sourceTree = "<group>"; };
		35D9B11F2A2EBBF200ECBB37 /* SwiftUI100DaysProject2UITestsLaunchTests.swift */ = {isa = PBXFileReference; lastKnownFileType = sourcecode.swift; path = SwiftUI100DaysProject2UITestsLaunchTests.swift; sourceTree = "<group>"; };
/* End PBXFileReference section */

/* Begin PBXFrameworksBuildPhase section */
		35D9B0FC2A2EBBEF00ECBB37 /* Frameworks */ = {
			isa = PBXFrameworksBuildPhase;
			buildActionMask = 2147483647;
			files = (
			);
			runOnlyForDeploymentPostprocessing = 0;
		};
		35D9B10C2A2EBBF200ECBB37 /* Frameworks */ = {
			isa = PBXFrameworksBuildPhase;
			buildActionMask = 2147483647;
			files = (
			);
			runOnlyForDeploymentPostprocessing = 0;
		};
		35D9B1162A2EBBF200ECBB37 /* Frameworks */ = {
			isa = PBXFrameworksBuildPhase;
			buildActionMask = 2147483647;
			files = (
			);
			runOnlyForDeploymentPostprocessing = 0;
		};
/* End PBXFrameworksBuildPhase section */

/* Begin PBXGroup section */
		35D9B0F62A2EBBEF00ECBB37 = {
			isa = PBXGroup;
			children = (
				35D9B1012A2EBBEF00ECBB37 /* SwiftUI100DaysProject2 */,
				35D9B1122A2EBBF200ECBB37 /* SwiftUI100DaysProject2Tests */,
				35D9B11C2A2EBBF200ECBB37 /* SwiftUI100DaysProject2UITests */,
				35D9B1002A2EBBEF00ECBB37 /* Products */,
			);
			sourceTree = "<group>";
		};
		35D9B1002A2EBBEF00ECBB37 /* Products */ = {
			isa = PBXGroup;
			children = (
				35D9B0FF2A2EBBEF00ECBB37 /* SwiftUI100DaysProject2.app */,
				35D9B10F2A2EBBF200ECBB37 /* SwiftUI100DaysProject2Tests.xctest */,
				35D9B1192A2EBBF200ECBB37 /* SwiftUI100DaysProject2UITests.xctest */,
			);
			name = Products;
			sourceTree = "<group>";
		};
		35D9B1012A2EBBEF00ECBB37 /* SwiftUI100DaysProject2 */ = {
			isa = PBXGroup;
			children = (
				35D9B1022A2EBBEF00ECBB37 /* SwiftUI100DaysProject2App.swift */,
				35D9B1042A2EBBEF00ECBB37 /* ContentView.swift */,
				35D9B1062A2EBBF100ECBB37 /* Assets.xcassets */,
				35D9B1082A2EBBF100ECBB37 /* Preview Content */,
			);
			path = SwiftUI100DaysProject2;
			sourceTree = "<group>";
		};
		35D9B1082A2EBBF100ECBB37 /* Preview Content */ = {
			isa = PBXGroup;
			children = (
				35D9B1092A2EBBF100ECBB37 /* Preview Assets.xcassets */,
			);
			path = "Preview Content";
			sourceTree = "<group>";
		};
		35D9B1122A2EBBF200ECBB37 /* SwiftUI100DaysProject2Tests */ = {
			isa = PBXGroup;
			children = (
				35D9B1132A2EBBF200ECBB37 /* SwiftUI100DaysProject2Tests.swift */,
			);
			path = SwiftUI100DaysProject2Tests;
			sourceTree = "<group>";
		};
		35D9B11C2A2EBBF200ECBB37 /* SwiftUI100DaysProject2UITests */ = {
			isa = PBXGroup;
			children = (
				35D9B11D2A2EBBF200ECBB37 /* SwiftUI100DaysProject2UITests.swift */,
				35D9B11F2A2EBBF200ECBB37 /* SwiftUI100DaysProject2UITestsLaunchTests.swift */,
			);
			path = SwiftUI100DaysProject2UITests;
			sourceTree = "<group>";
		};
/* End PBXGroup section */

/* Begin PBXNativeTarget section */
		35D9B0FE2A2EBBEF00ECBB37 /* SwiftUI100DaysProject2 */ = {
			isa = PBXNativeTarget;
			buildConfigurationList = 35D9B1232A2EBBF200ECBB37 /* Build configuration list for PBXNativeTarget "SwiftUI100DaysProject2" */;
			buildPhases = (
				35D9B0FB2A2EBBEF00ECBB37 /* Sources */,
				35D9B0FC2A2EBBEF00ECBB37 /* Frameworks */,
				35D9B0FD2A2EBBEF00ECBB37 /* Resources */,
			);
			buildRules = (
			);
			dependencies = (
			);
			name = SwiftUI100DaysProject2;
			productName = SwiftUI100DaysProject2;
			productReference = 35D9B0FF2A2EBBEF00ECBB37 /* SwiftUI100DaysProject2.app */;
			productType = "com.apple.product-type.application";
		};
		35D9B10E2A2EBBF200ECBB37 /* SwiftUI100DaysProject2Tests */ = {
			isa = PBXNativeTarget;
			buildConfigurationList = 35D9B1262A2EBBF200ECBB37 /* Build configuration list for PBXNativeTarget "SwiftUI100DaysProject2Tests" */;
			buildPhases = (
				35D9B10B2A2EBBF200ECBB37 /* Sources */,
				35D9B10C2A2EBBF200ECBB37 /* Frameworks */,
				35D9B10D2A2EBBF200ECBB37 /* Resources */,
			);
			buildRules = (
			);
			dependencies = (
				35D9B1112A2EBBF200ECBB37 /* PBXTargetDependency */,
			);
			name = SwiftUI100DaysProject2Tests;
			productName = SwiftUI100DaysProject2Tests;
			productReference = 35D9B10F2A2EBBF200ECBB37 /* SwiftUI100DaysProject2Tests.xctest */;
			productType = "com.apple.product-type.bundle.unit-test";
		};
		35D9B1182A2EBBF200ECBB37 /* SwiftUI100DaysProject2UITests */ = {
			isa = PBXNativeTarget;
			buildConfigurationList = 35D9B1292A2EBBF200ECBB37 /* Build configuration list for PBXNativeTarget "SwiftUI100DaysProject2UITests" */;
			buildPhases = (
				35D9B1152A2EBBF200ECBB37 /* Sources */,
				35D9B1162A2EBBF200ECBB37 /* Frameworks */,
				35D9B1172A2EBBF200ECBB37 /* Resources */,
			);
			buildRules = (
			);
			dependencies = (
				35D9B11B2A2EBBF200ECBB37 /* PBXTargetDependency */,
			);
			name = SwiftUI100DaysProject2UITests;
			productName = SwiftUI100DaysProject2UITests;
			productReference = 35D9B1192A2EBBF200ECBB37 /* SwiftUI100DaysProject2UITests.xctest */;
			productType = "com.apple.product-type.bundle.ui-testing";
		};
/* End PBXNativeTarget section */

/* Begin PBXProject section */
		35D9B0F72A2EBBEF00ECBB37 /* Project object */ = {
			isa = PBXProject;
			attributes = {
				BuildIndependentTargetsInParallel = 1;
				LastSwiftUpdateCheck = 1430;
				LastUpgradeCheck = 1430;
				TargetAttributes = {
					35D9B0FE2A2EBBEF00ECBB37 = {
						CreatedOnToolsVersion = 14.3.1;
					};
					35D9B10E2A2EBBF200ECBB37 = {
						CreatedOnToolsVersion = 14.3.1;
						TestTargetID = 35D9B0FE2A2EBBEF00ECBB37;
					};
					35D9B1182A2EBBF200ECBB37 = {
						CreatedOnToolsVersion = 14.3.1;
						TestTargetID = 35D9B0FE2A2EBBEF00ECBB37;
					};
				};
			};
			buildConfigurationList = 35D9B0FA2A2EBBEF00ECBB37 /* Build configuration list for PBXProject "SwiftUI100DaysProject2" */;
			compatibilityVersion = "Xcode 14.0";
			developmentRegion = en;
			hasScannedForEncodings = 0;
			knownRegions = (
				en,
				Base,
			);
			mainGroup = 35D9B0F62A2EBBEF00ECBB37;
			productRefGroup = 35D9B1002A2EBBEF00ECBB37 /* Products */;
			projectDirPath = "";
			projectRoot = "";
			targets = (
				35D9B0FE2A2EBBEF00ECBB37 /* SwiftUI100DaysProject2 */,
				35D9B10E2A2EBBF200ECBB37 /* SwiftUI100DaysProject2Tests */,
				35D9B1182A2EBBF200ECBB37 /* SwiftUI100DaysProject2UITests */,
			);
		};
/* End PBXProject section */

/* Begin PBXResourcesBuildPhase section */
		35D9B0FD2A2EBBEF00ECBB37 /* Resources */ = {
			isa = PBXResourcesBuildPhase;
			buildActionMask = 2147483647;
			files = (
				35D9B10A2A2EBBF100ECBB37 /* Preview Assets.xcassets in Resources */,
				35D9B1072A2EBBF100ECBB37 /* Assets.xcassets in Resources */,
			);
			runOnlyForDeploymentPostprocessing = 0;
		};
		35D9B10D2A2EBBF200ECBB37 /* Resources */ = {
			isa = PBXResourcesBuildPhase;
			buildActionMask = 2147483647;
			files = (
			);
			runOnlyForDeploymentPostprocessing = 0;
		};
		35D9B1172A2EBBF200ECBB37 /* Resources */ = {
			isa = PBXResourcesBuildPhase;
			buildActionMask = 2147483647;
			files = (
			);
			runOnlyForDeploymentPostprocessing = 0;
		};
/* End PBXResourcesBuildPhase section */

/* Begin PBXSourcesBuildPhase section */
		35D9B0FB2A2EBBEF00ECBB37 /* Sources */ = {
			isa = PBXSourcesBuildPhase;
			buildActionMask = 2147483647;
			files = (
				35D9B1052A2EBBEF00ECBB37 /* ContentView.swift in Sources */,
				35D9B1032A2EBBEF00ECBB37 /* SwiftUI100DaysProject2App.swift in Sources */,
			);
			runOnlyForDeploymentPostprocessing = 0;
		};
		35D9B10B2A2EBBF200ECBB37 /* Sources */ = {
			isa = PBXSourcesBuildPhase;
			buildActionMask = 2147483647;
			files = (
				35D9B1142A2EBBF200ECBB37 /* SwiftUI100DaysProject2Tests.swift in Sources */,
			);
			runOnlyForDeploymentPostprocessing = 0;
		};
		35D9B1152A2EBBF200ECBB37 /* Sources */ = {
			isa = PBXSourcesBuildPhase;
			buildActionMask = 2147483647;
			files = (
				35D9B1202A2EBBF200ECBB37 /* SwiftUI100DaysProject2UITestsLaunchTests.swift in Sources */,
				35D9B11E2A2EBBF200ECBB37 /* SwiftUI100DaysProject2UITests.swift in Sources */,
			);
			runOnlyForDeploymentPostprocessing = 0;
		};
/* End PBXSourcesBuildPhase section */

/* Begin PBXTargetDependency section */
		35D9B1112A2EBBF200ECBB37 /* PBXTargetDependency */ = {
			isa = PBXTargetDependency;
			target = 35D9B0FE2A2EBBEF00ECBB37 /* SwiftUI100DaysProject2 */;
			targetProxy = 35D9B1102A2EBBF200ECBB37 /* PBXContainerItemProxy */;
		};
		35D9B11B2A2EBBF200ECBB37 /* PBXTargetDependency */ = {
			isa = PBXTargetDependency;
			target = 35D9B0FE2A2EBBEF00ECBB37 /* SwiftUI100DaysProject2 */;
			targetProxy = 35D9B11A2A2EBBF200ECBB37 /* PBXContainerItemProxy */;
		};
/* End PBXTargetDependency section */

/* Begin XCBuildConfiguration section */
		35D9B1212A2EBBF200ECBB37 /* Debug */ = {
			isa = XCBuildConfiguration;
			buildSettings = {
				ALWAYS_SEARCH_USER_PATHS = NO;
				CLANG_ANALYZER_NONNULL = YES;
				CLANG_ANALYZER_NUMBER_OBJECT_CONVERSION = YES_AGGRESSIVE;
				CLANG_CXX_LANGUAGE_STANDARD = "gnu++20";
				CLANG_ENABLE_MODULES = YES;
				CLANG_ENABLE_OBJC_ARC = YES;
				CLANG_ENABLE_OBJC_WEAK = YES;
				CLANG_WARN_BLOCK_CAPTURE_AUTORELEASING = YES;
				CLANG_WARN_BOOL_CONVERSION = YES;
				CLANG_WARN_COMMA = YES;
				CLANG_WARN_CONSTANT_CONVERSION = YES;
				CLANG_WARN_DEPRECATED_OBJC_IMPLEMENTATIONS = YES;
				CLANG_WARN_DIRECT_OBJC_ISA_USAGE = YES_ERROR;
				CLANG_WARN_DOCUMENTATION_COMMENTS = YES;
				CLANG_WARN_EMPTY_BODY = YES;
				CLANG_WARN_ENUM_CONVERSION = YES;
				CLANG_WARN_INFINITE_RECURSION = YES;
				CLANG_WARN_INT_CONVERSION = YES;
				CLANG_WARN_NON_LITERAL_NULL_CONVERSION = YES;
				CLANG_WARN_OBJC_IMPLICIT_RETAIN_SELF = YES;
				CLANG_WARN_OBJC_LITERAL_CONVERSION = YES;
				CLANG_WARN_OBJC_ROOT_CLASS = YES_ERROR;
				CLANG_WARN_QUOTED_INCLUDE_IN_FRAMEWORK_HEADER = YES;
				CLANG_WARN_RANGE_LOOP_ANALYSIS = YES;
				CLANG_WARN_STRICT_PROTOTYPES = YES;
				CLANG_WARN_SUSPICIOUS_MOVE = YES;
				CLANG_WARN_UNGUARDED_AVAILABILITY = YES_AGGRESSIVE;
				CLANG_WARN_UNREACHABLE_CODE = YES;
				CLANG_WARN__DUPLICATE_METHOD_MATCH = YES;
				COPY_PHASE_STRIP = NO;
				DEBUG_INFORMATION_FORMAT = dwarf;
				ENABLE_STRICT_OBJC_MSGSEND = YES;
				ENABLE_TESTABILITY = YES;
				GCC_C_LANGUAGE_STANDARD = gnu11;
				GCC_DYNAMIC_NO_PIC = NO;
				GCC_NO_COMMON_BLOCKS = YES;
				GCC_OPTIMIZATION_LEVEL = 0;
				GCC_PREPROCESSOR_DEFINITIONS = (
					"DEBUG=1",
					"$(inherited)",
				);
				GCC_WARN_64_TO_32_BIT_CONVERSION = YES;
				GCC_WARN_ABOUT_RETURN_TYPE = YES_ERROR;
				GCC_WARN_UNDECLARED_SELECTOR = YES;
				GCC_WARN_UNINITIALIZED_AUTOS = YES_AGGRESSIVE;
				GCC_WARN_UNUSED_FUNCTION = YES;
				GCC_WARN_UNUSED_VARIABLE = YES;
				IPHONEOS_DEPLOYMENT_TARGET = 16.4;
				MTL_ENABLE_DEBUG_INFO = INCLUDE_SOURCE;
				MTL_FAST_MATH = YES;
				ONLY_ACTIVE_ARCH = YES;
				SDKROOT = iphoneos;
				SWIFT_ACTIVE_COMPILATION_CONDITIONS = DEBUG;
				SWIFT_OPTIMIZATION_LEVEL = "-Onone";
			};
			name = Debug;
		};
		35D9B1222A2EBBF200ECBB37 /* Release */ = {
			isa = XCBuildConfiguration;
			buildSettings = {
				ALWAYS_SEARCH_USER_PATHS = NO;
				CLANG_ANALYZER_NONNULL = YES;
				CLANG_ANALYZER_NUMBER_OBJECT_CONVERSION = YES_AGGRESSIVE;
				CLANG_CXX_LANGUAGE_STANDARD = "gnu++20";
				CLANG_ENABLE_MODULES = YES;
				CLANG_ENABLE_OBJC_ARC = YES;
				CLANG_ENABLE_OBJC_WEAK = YES;
				CLANG_WARN_BLOCK_CAPTURE_AUTORELEASING = YES;
				CLANG_WARN_BOOL_CONVERSION = YES;
				CLANG_WARN_COMMA = YES;
				CLANG_WARN_CONSTANT_CONVERSION = YES;
				CLANG_WARN_DEPRECATED_OBJC_IMPLEMENTATIONS = YES;
				CLANG_WARN_DIRECT_OBJC_ISA_USAGE = YES_ERROR;
				CLANG_WARN_DOCUMENTATION_COMMENTS = YES;
				CLANG_WARN_EMPTY_BODY = YES;
				CLANG_WARN_ENUM_CONVERSION = YES;
				CLANG_WARN_INFINITE_RECURSION = YES;
				CLANG_WARN_INT_CONVERSION = YES;
				CLANG_WARN_NON_LITERAL_NULL_CONVERSION = YES;
				CLANG_WARN_OBJC_IMPLICIT_RETAIN_SELF = YES;
				CLANG_WARN_OBJC_LITERAL_CONVERSION = YES;
				CLANG_WARN_OBJC_ROOT_CLASS = YES_ERROR;
				CLANG_WARN_QUOTED_INCLUDE_IN_FRAMEWORK_HEADER = YES;
				CLANG_WARN_RANGE_LOOP_ANALYSIS = YES;
				CLANG_WARN_STRICT_PROTOTYPES = YES;
				CLANG_WARN_SUSPICIOUS_MOVE = YES;
				CLANG_WARN_UNGUARDED_AVAILABILITY = YES_AGGRESSIVE;
				CLANG_WARN_UNREACHABLE_CODE = YES;
				CLANG_WARN__DUPLICATE_METHOD_MATCH = YES;
				COPY_PHASE_STRIP = NO;
				DEBUG_INFORMATION_FORMAT = "dwarf-with-dsym";
				ENABLE_NS_ASSERTIONS = NO;
				ENABLE_STRICT_OBJC_MSGSEND = YES;
				GCC_C_LANGUAGE_STANDARD = gnu11;
				GCC_NO_COMMON_BLOCKS = YES;
				GCC_WARN_64_TO_32_BIT_CONVERSION = YES;
				GCC_WARN_ABOUT_RETURN_TYPE = YES_ERROR;
				GCC_WARN_UNDECLARED_SELECTOR = YES;
				GCC_WARN_UNINITIALIZED_AUTOS = YES_AGGRESSIVE;
				GCC_WARN_UNUSED_FUNCTION = YES;
				GCC_WARN_UNUSED_VARIABLE = YES;
				IPHONEOS_DEPLOYMENT_TARGET = 16.4;
				MTL_ENABLE_DEBUG_INFO = NO;
				MTL_FAST_MATH = YES;
				SDKROOT = iphoneos;
				SWIFT_COMPILATION_MODE = wholemodule;
				SWIFT_OPTIMIZATION_LEVEL = "-O";
				VALIDATE_PRODUCT = YES;
			};
			name = Release;
		};
		35D9B1242A2EBBF200ECBB37 /* Debug */ = {
			isa = XCBuildConfiguration;
			buildSettings = {
				ASSETCATALOG_COMPILER_APPICON_NAME = AppIcon;
				ASSETCATALOG_COMPILER_GLOBAL_ACCENT_COLOR_NAME = AccentColor;
				CODE_SIGN_STYLE = Automatic;
				CURRENT_PROJECT_VERSION = 1;
				DEVELOPMENT_ASSET_PATHS = "\"SwiftUI100DaysProject2/Preview Content\"";
				DEVELOPMENT_TEAM = KSY72YVT4X;
				ENABLE_PREVIEWS = YES;
				GENERATE_INFOPLIST_FILE = YES;
				INFOPLIST_KEY_UIApplicationSceneManifest_Generation = YES;
				INFOPLIST_KEY_UIApplicationSupportsIndirectInputEvents = YES;
				INFOPLIST_KEY_UILaunchScreen_Generation = YES;
				INFOPLIST_KEY_UISupportedInterfaceOrientations_iPad = "UIInterfaceOrientationPortrait UIInterfaceOrientationPortraitUpsideDown UIInterfaceOrientationLandscapeLeft UIInterfaceOrientationLandscapeRight";
				INFOPLIST_KEY_UISupportedInterfaceOrientations_iPhone = "UIInterfaceOrientationPortrait UIInterfaceOrientationLandscapeLeft UIInterfaceOrientationLandscapeRight";
				LD_RUNPATH_SEARCH_PATHS = (
					"$(inherited)",
					"@executable_path/Frameworks",
				);
				MARKETING_VERSION = 1.0;
				PRODUCT_BUNDLE_IDENTIFIER = com.GeDingInPerson.SwiftUI100DaysProject2;
				PRODUCT_NAME = "$(TARGET_NAME)";
				SWIFT_EMIT_LOC_STRINGS = YES;
				SWIFT_VERSION = 5.0;
				TARGETED_DEVICE_FAMILY = "1,2";
			};
			name = Debug;
		};
		35D9B1252A2EBBF200ECBB37 /* Release */ = {
			isa = XCBuildConfiguration;
			buildSettings = {
				ASSETCATALOG_COMPILER_APPICON_NAME = AppIcon;
				ASSETCATALOG_COMPILER_GLOBAL_ACCENT_COLOR_NAME = AccentColor;
				CODE_SIGN_STYLE = Automatic;
				CURRENT_PROJECT_VERSION = 1;
				DEVELOPMENT_ASSET_PATHS = "\"SwiftUI100DaysProject2/Preview Content\"";
				DEVELOPMENT_TEAM = KSY72YVT4X;
				ENABLE_PREVIEWS = YES;
				GENERATE_INFOPLIST_FILE = YES;
				INFOPLIST_KEY_UIApplicationSceneManifest_Generation = YES;
				INFOPLIST_KEY_UIApplicationSupportsIndirectInputEvents = YES;
				INFOPLIST_KEY_UILaunchScreen_Generation = YES;
				INFOPLIST_KEY_UISupportedInterfaceOrientations_iPad = "UIInterfaceOrientationPortrait UIInterfaceOrientationPortraitUpsideDown UIInterfaceOrientationLandscapeLeft UIInterfaceOrientationLandscapeRight";
				INFOPLIST_KEY_UISupportedInterfaceOrientations_iPhone = "UIInterfaceOrientationPortrait UIInterfaceOrientationLandscapeLeft UIInterfaceOrientationLandscapeRight";
				LD_RUNPATH_SEARCH_PATHS = (
					"$(inherited)",
					"@executable_path/Frameworks",
				);
				MARKETING_VERSION = 1.0;
				PRODUCT_BUNDLE_IDENTIFIER = com.GeDingInPerson.SwiftUI100DaysProject2;
				PRODUCT_NAME = "$(TARGET_NAME)";
				SWIFT_EMIT_LOC_STRINGS = YES;
				SWIFT_VERSION = 5.0;
				TARGETED_DEVICE_FAMILY = "1,2";
			};
			name = Release;
		};
		35D9B1272A2EBBF200ECBB37 /* Debug */ = {
			isa = XCBuildConfiguration;
			buildSettings = {
				ALWAYS_EMBED_SWIFT_STANDARD_LIBRARIES = YES;
				BUNDLE_LOADER = "$(TEST_HOST)";
				CODE_SIGN_STYLE = Automatic;
				CURRENT_PROJECT_VERSION = 1;
				DEVELOPMENT_TEAM = KSY72YVT4X;
				GENERATE_INFOPLIST_FILE = YES;
				IPHONEOS_DEPLOYMENT_TARGET = 16.4;
				MARKETING_VERSION = 1.0;
				PRODUCT_BUNDLE_IDENTIFIER = com.GeDingInPerson.SwiftUI100DaysProject2Tests;
				PRODUCT_NAME = "$(TARGET_NAME)";
				SWIFT_EMIT_LOC_STRINGS = NO;
				SWIFT_VERSION = 5.0;
				TARGETED_DEVICE_FAMILY = "1,2";
				TEST_HOST = "$(BUILT_PRODUCTS_DIR)/SwiftUI100DaysProject2.app/$(BUNDLE_EXECUTABLE_FOLDER_PATH)/SwiftUI100DaysProject2";
			};
			name = Debug;
		};
		35D9B1282A2EBBF200ECBB37 /* Release */ = {
			isa = XCBuildConfiguration;
			buildSettings = {
				ALWAYS_EMBED_SWIFT_STANDARD_LIBRARIES = YES;
				BUNDLE_LOADER = "$(TEST_HOST)";
				CODE_SIGN_STYLE = Automatic;
				CURRENT_PROJECT_VERSION = 1;
				DEVELOPMENT_TEAM = KSY72YVT4X;
				GENERATE_INFOPLIST_FILE = YES;
				IPHONEOS_DEPLOYMENT_TARGET = 16.4;
				MARKETING_VERSION = 1.0;
				PRODUCT_BUNDLE_IDENTIFIER = com.GeDingInPerson.SwiftUI100DaysProject2Tests;
				PRODUCT_NAME = "$(TARGET_NAME)";
				SWIFT_EMIT_LOC_STRINGS = NO;
				SWIFT_VERSION = 5.0;
				TARGETED_DEVICE_FAMILY = "1,2";
				TEST_HOST = "$(BUILT_PRODUCTS_DIR)/SwiftUI100DaysProject2.app/$(BUNDLE_EXECUTABLE_FOLDER_PATH)/SwiftUI100DaysProject2";
			};
			name = Release;
		};
		35D9B12A2A2EBBF200ECBB37 /* Debug */ = {
			isa = XCBuildConfiguration;
			buildSettings = {
				ALWAYS_EMBED_SWIFT_STANDARD_LIBRARIES = YES;
				CODE_SIGN_STYLE = Automatic;
				CURRENT_PROJECT_VERSION = 1;
				DEVELOPMENT_TEAM = KSY72YVT4X;
				GENERATE_INFOPLIST_FILE = YES;
				MARKETING_VERSION = 1.0;
				PRODUCT_BUNDLE_IDENTIFIER = com.GeDingInPerson.SwiftUI100DaysProject2UITests;
				PRODUCT_NAME = "$(TARGET_NAME)";
				SWIFT_EMIT_LOC_STRINGS = NO;
				SWIFT_VERSION = 5.0;
				TARGETED_DEVICE_FAMILY = "1,2";
				TEST_TARGET_NAME = SwiftUI100DaysProject2;
			};
			name = Debug;
		};
		35D9B12B2A2EBBF200ECBB37 /* Release */ = {
			isa = XCBuildConfiguration;
			buildSettings = {
				ALWAYS_EMBED_SWIFT_STANDARD_LIBRARIES = YES;
				CODE_SIGN_STYLE = Automatic;
				CURRENT_PROJECT_VERSION = 1;
				DEVELOPMENT_TEAM = KSY72YVT4X;
				GENERATE_INFOPLIST_FILE = YES;
				MARKETING_VERSION = 1.0;
				PRODUCT_BUNDLE_IDENTIFIER = com.GeDingInPerson.SwiftUI100DaysProject2UITests;
				PRODUCT_NAME = "$(TARGET_NAME)";
				SWIFT_EMIT_LOC_STRINGS = NO;
				SWIFT_VERSION = 5.0;
				TARGETED_DEVICE_FAMILY = "1,2";
				TEST_TARGET_NAME = SwiftUI100DaysProject2;
			};
			name = Release;
		};
/* End XCBuildConfiguration section */

/* Begin XCConfigurationList section */
		35D9B0FA2A2EBBEF00ECBB37 /* Build configuration list for PBXProject "SwiftUI100DaysProject2" */ = {
			isa = XCConfigurationList;
			buildConfigurations = (
				35D9B1212A2EBBF200ECBB37 /* Debug */,
				35D9B1222A2EBBF200ECBB37 /* Release */,
			);
			defaultConfigurationIsVisible = 0;
			defaultConfigurationName = Release;
		};
		35D9B1232A2EBBF200ECBB37 /* Build configuration list for PBXNativeTarget "SwiftUI100DaysProject2" */ = {
			isa = XCConfigurationList;
			buildConfigurations = (
				35D9B1242A2EBBF200ECBB37 /* Debug */,
				35D9B1252A2EBBF200ECBB37 /* Release */,
			);
			defaultConfigurationIsVisible = 0;
			defaultConfigurationName = Release;
		};
		35D9B1262A2EBBF200ECBB37 /* Build configuration list for PBXNativeTarget "SwiftUI100DaysProject2Tests" */ = {
			isa = XCConfigurationList;
			buildConfigurations = (
				35D9B1272A2EBBF200ECBB37 /* Debug */,
				35D9B1282A2EBBF200ECBB37 /* Release */,
			);
			defaultConfigurationIsVisible = 0;
			defaultConfigurationName = Release;
		};
		35D9B1292A2EBBF200ECBB37 /* Build configuration list for PBXNativeTarget "SwiftUI100DaysProject2UITests" */ = {
			isa = XCConfigurationList;
			buildConfigurations = (
				35D9B12A2A2EBBF200ECBB37 /* Debug */,
				35D9B12B2A2EBBF200ECBB37 /* Release */,
			);
			defaultConfigurationIsVisible = 0;
			defaultConfigurationName = Release;
		};
/* End XCConfigurationList section */
	};
	rootObject = 35D9B0F72A2EBBEF00ECBB37 /* Project object */;
}
